{
  "version": 2,
  "dependencies": {
    "net10.0": {
      "martlet.audio": {
        "type": "Project",
        "dependencies": {
          "Martlet.Core": "[0.27.0, )"
        }
      },
      "martlet.core": {
        "type": "Project"
      },
      "martlet.diagnostics": {
        "type": "Project",
        "dependencies": {
          "Martlet.Core": "[0.27.0, )"
        }
      }
    },
    "net10.0-windows7.0": {
      "NAudio.Core": {
        "type": "Transitive",
        "resolved": "3.1.0",
        "contentHash": "8Hrd3Uqb2wEB64eZYF+0vl9xBadeSn6JnFDsHuGrw87ucJ+pB7u5NzVpHl8OlCNvIvH+sD9b2h4JOqXBuZGYwg==",
        "dependencies": {
          "System.Numerics.Tensors": "9.0.0"
        }
      },
      "System.Numerics.Tensors": {
        "type": "Transitive",
        "resolved": "9.0.0",
        "contentHash": "hyJB4UlpAi19Xr9AXzu2NuagKC4lPfHObNMEAA0HmqFz2rX7wKgzeYzO/jM/eBHDhnUGFFEjk5cOoJaxqg5J4A=="
      },
      "martlet.audio": {
        "type": "Project",
        "dependencies": {
          "Concentus": "[2.2.2, )",
          "Martlet.Core": "[0.27.0, )",
          "NAudio.Wasapi": "[3.1.0, )",
          "NVorbis": "[0.10.5, )"
        }
      },
      "martlet.core": {
        "type": "Project"
      },
      "martlet.diagnostics": {
        "type": "Project",
        "dependencies": {
          "Martlet.Core": "[0.27.0, )"
        }
      },
      "Concentus": {
        "type": "CentralTransitive",
        "requested": "[2.2.2, )",
        "resolved": "2.2.2",
        "contentHash": "2B9YmHPKO+k7YpAAnqmiXwiMJnfjfj1C868RszOll2iZWLnGTAiC1q21L/d7CvTan7T+hyqU8dR0Dcy3cpjVfQ=="
      },
      "NAudio.Wasapi": {
        "type": "CentralTransitive",
        "requested": "[3.1.0, )",
        "resolved": "3.1.0",
        "contentHash": "iTG+oBJaiID344yz84PrTiVF98av5SsuOUu7ICskcUd6f5ShHDMskG9sE4XUM05Vdlwy88bMQDDC3e+85Mv8yw==",
        "dependencies": {
          "NAudio.Core": "3.1.0"
        }
      },
      "NVorbis": {
        "type": "CentralTransitive",
        "requested": "[0.10.5, )",
        "resolved": "0.10.5",
        "contentHash": "o+IptCG4Avze39HrGeztC+xIp6fOOwGVAwkoa1J++4Ji1WmZ+KIKlFl5wsgxsXqBkmdpfs/vFSUproiLKYa2bw=="
      }
    }
  }
}