{
  "version": 2,
  "dependencies": {
    "net10.0": {
      "Google.Protobuf": {
        "type": "Direct",
        "requested": "[3.36.2, )",
        "resolved": "3.36.2",
        "contentHash": "Ci1q1iJg74qAE5riTA2FbMS0wPbpruPQI/JQ9DrAsRo2VsSxgt1e/pmxGxgrci+pXJEgrSYg2vPl8rrStZkclQ=="
      },
      "Grpc.Net.Client": {
        "type": "Direct",
        "requested": "[2.84.0, )",
        "resolved": "2.84.0",
        "contentHash": "My6Fms2YCyAbihTBZZ3kLS39iTY2pkMAzGDBTC6XhPOujg70eB07AEJ7tPiW3tZ70bhFzHcc3+d4j3DaIPF3aA==",
        "dependencies": {
          "Grpc.Net.Common": "2.84.0",
          "Microsoft.Extensions.Logging.Abstractions": "8.0.1"
        }
      },
      "Grpc.Tools": {
        "type": "Direct",
        "requested": "[2.84.0, )",
        "resolved": "2.84.0",
        "contentHash": "SarjdfpQYU/mmdu/fWgSW8kEHQ54jiyG2+I4THu9eubtAud+QJf+1iJdGtoKTJ/ZRaI0qAG+7ttsK2WUTao2OQ=="
      },
      "Grpc.Core.Api": {
        "type": "Transitive",
        "resolved": "2.84.0",
        "contentHash": "p2SOMl6q/GZ4/5MLkgboC/z55g4zKUEruRn/g46QgppjQBVnsLZVBU/9VO7n60ll38G3Eo8Zu9b7x+W01GKFVg=="
      },
      "Grpc.Net.Common": {
        "type": "Transitive",
        "resolved": "2.84.0",
        "contentHash": "DPxm/H8G/lDRrz997wM0M2zN/PGqVeZKDakhBbtABEbv6WIW4HI9g3BvntBQT6ZUROuGacMzfyyF9e5kiTVFfQ==",
        "dependencies": {
          "Grpc.Core.Api": "2.84.0"
        }
      },
      "Microsoft.Extensions.DependencyInjection.Abstractions": {
        "type": "Transitive",
        "resolved": "8.0.1",
        "contentHash": "fGLiCRLMYd00JYpClraLjJTNKLmMJPnqxMaiRzEBIIvevlzxz33mXy39Lkd48hu1G+N21S7QpaO5ZzKsI6FRuA=="
      },
      "Microsoft.Extensions.Logging.Abstractions": {
        "type": "Transitive",
        "resolved": "8.0.1",
        "contentHash": "RIFgaqoaINxkM2KTOw72dmilDmTrYA0ns2KW4lDz4gZ2+o6IQ894CzmdL3StM2oh7QQq44nCWiqKqc4qUI9Jmg==",
        "dependencies": {
          "Microsoft.Extensions.DependencyInjection.Abstractions": "8.0.1"
        }
      },
      "martlet.avatars": {
        "type": "Project",
        "dependencies": {
          "Martlet.Core": "[0.28.0, )"
        }
      },
      "martlet.core": {
        "type": "Project"
      }
    }
  }
}