<Solution>
  <Folder Name="/src/">
    <Project Path="src/Martlet.Audio/Martlet.Audio.csproj" />
    <Project Path="src/Martlet.Avatars/Martlet.Avatars.csproj" />
    <Project Path="src/Martlet.Avatar.Audio2Face/Martlet.Avatar.Audio2Face.csproj" />
    <Project Path="src/Martlet.Avatar.Hosting/Martlet.Avatar.Hosting.csproj" />
    <Project Path="src/Martlet.Avatar.RendererHost/Martlet.Avatar.RendererHost.csproj" />
    <Project Path="src/Martlet.Core/Martlet.Core.csproj" />
    <Project Path="src/Martlet.Conversation/Martlet.Conversation.csproj" />
    <Project Path="src/Martlet.Credentials.Windows/Martlet.Credentials.Windows.csproj" />
    <Project Path="src/Martlet.Desktop/Martlet.Desktop.csproj" />
    <Project Path="src/Martlet.Diagnostics/Martlet.Diagnostics.csproj" />
    <Project Path="src/Martlet.Discord/Martlet.Discord.csproj" />
    <Project Path="src/Martlet.Doctor/Martlet.Doctor.csproj" />
    <Project Path="src/Martlet.EchoCancellation/Martlet.EchoCancellation.csproj" />
    <Project Path="src/Martlet.Home/Martlet.Home.csproj" />
    <Project Path="src/Martlet.Messaging/Martlet.Messaging.csproj" />
    <Project Path="src/Martlet.Gateway.Trust/Martlet.Gateway.Trust.csproj" />
    <Project Path="src/Martlet.Gateway.Ollama/Martlet.Gateway.Ollama.csproj" />
    <Project Path="src/Martlet.Gateway.F5/Martlet.Gateway.F5.csproj" />
    <Project Path="src/Martlet.Gateway.Xtts/Martlet.Gateway.Xtts.csproj" />
    <Project Path="src/Martlet.Gateway.GptSovits/Martlet.Gateway.GptSovits.csproj" />
    <Project Path="src/Martlet.Gateway.Dia/Martlet.Gateway.Dia.csproj" />
    <Project Path="src/Martlet.Gateway.Stt/Martlet.Gateway.Stt.csproj" />
    <Project Path="src/Martlet.Gateway.Singing/Martlet.Gateway.Singing.csproj" />
    <Project Path="src/Martlet.Memory/Martlet.Memory.csproj" />
    <Project Path="src/Martlet.Mcp/Martlet.Mcp.csproj" />
    <Project Path="src/Martlet.Mcp.Client/Martlet.Mcp.Client.csproj" />
    <Project Path="src/Martlet.Mcp.Protocol/Martlet.Mcp.Protocol.csproj" />
    <Project Path="src/Martlet.NodeLinkCheck/Martlet.NodeLinkCheck.csproj" />
    <Project Path="src/Martlet.Support/Martlet.Support.csproj" />
    <Project Path="src/Martlet.Providers/Martlet.Providers.csproj" />
    <Project Path="src/Martlet.Participation/Martlet.Participation.csproj" />
    <Project Path="src/Martlet.Sherpa/Martlet.Sherpa.csproj" />
  </Folder>
  <Folder Name="/tests/">
    <Project Path="tests/Martlet.Audio.Tests/Martlet.Audio.Tests.csproj" />
    <Project Path="tests/Martlet.Avatars.Tests/Martlet.Avatars.Tests.csproj" />
    <Project Path="tests/Martlet.Avatar.Audio2Face.Tests/Martlet.Avatar.Audio2Face.Tests.csproj" />
    <Project Path="tests/Martlet.Core.Tests/Martlet.Core.Tests.csproj" />
    <Project Path="tests/Martlet.Conversation.Tests/Martlet.Conversation.Tests.csproj" />
    <Project Path="tests/Martlet.Desktop.Tests/Martlet.Desktop.Tests.csproj" />
    <Project Path="tests/Martlet.Discord.Tests/Martlet.Discord.Tests.csproj" />
    <Project Path="tests/Martlet.Doctor.Tests/Martlet.Doctor.Tests.csproj" />
    <Project Path="tests/Martlet.Gateway.Trust.Tests/Martlet.Gateway.Trust.Tests.csproj" />
    <Project Path="tests/Martlet.Memory.Tests/Martlet.Memory.Tests.csproj" />
    <Project Path="tests/Martlet.Providers.Tests/Martlet.Providers.Tests.csproj" />
    <Project Path="tests/Martlet.Participation.Tests/Martlet.Participation.Tests.csproj" />
    <Project Path="tests/Martlet.Support.Tests/Martlet.Support.Tests.csproj" />
  </Folder>
</Solution>
