# Audio2Face-3D models the Martlet local Audio2Face service downloads on first start (NVIDIA Open Model License).
# One line per file: <model> <Hugging Face repository> <revision> <file> <bytes> <sha256>
# Files are fetched from https://huggingface.co/<repository>/resolve/<revision>/<file> and checked before use.
claire nvidia/Audio2Face-3D-v2.3.1-Claire a46eafb067adfdd7cc8f5c7941586b309004561c bs_skin.npz 39182291 cc94a937af9438f007b811b3f686015d7e96fc0ce964974905e130724ff1c4db
claire nvidia/Audio2Face-3D-v2.3.1-Claire a46eafb067adfdd7cc8f5c7941586b309004561c bs_skin_config.json 4944 8580023e66336320e3802efe5c9be8a72fd5aa6162561d27225a056565345e4c
claire nvidia/Audio2Face-3D-v2.3.1-Claire a46eafb067adfdd7cc8f5c7941586b309004561c bs_tongue.npz 1147669 82032cb3a4f08d1f6e543ce80e8d9587aca8394b8cc009384ef21db19a90450e
claire nvidia/Audio2Face-3D-v2.3.1-Claire a46eafb067adfdd7cc8f5c7941586b309004561c bs_tongue_config.json 1871 9ef4d5ee664cb0975624de11b689b374c69d74b99126297ac4bdd58b9470a750
claire nvidia/Audio2Face-3D-v2.3.1-Claire a46eafb067adfdd7cc8f5c7941586b309004561c implicit_emo_db.npz 1713860 562ee9fac5eded20753eb40230519a7304156c177f52d9aa44580d5cf57c0447
claire nvidia/Audio2Face-3D-v2.3.1-Claire a46eafb067adfdd7cc8f5c7941586b309004561c model.json 484 1a03fc1c3b1978e9c73c197c4fe5af90da63f1c7d65cb85750035f60608fe1fd
claire nvidia/Audio2Face-3D-v2.3.1-Claire a46eafb067adfdd7cc8f5c7941586b309004561c model_config.json 980 8d0da080d3960177f920b5aa1734da86715d9ed2c307e6245c12525f2066b800
claire nvidia/Audio2Face-3D-v2.3.1-Claire a46eafb067adfdd7cc8f5c7941586b309004561c model_data.npz 106350002 4c2205365533790add8219170b9505960e31d2fca82708f2e3db31c5ccf092a4
claire nvidia/Audio2Face-3D-v2.3.1-Claire a46eafb067adfdd7cc8f5c7941586b309004561c network.onnx 159044772 6bb7a3a3c22491960e71a14742891e0d7205d7c80414aebe326cad82fd6867c3
claire nvidia/Audio2Face-3D-v2.3.1-Claire a46eafb067adfdd7cc8f5c7941586b309004561c network_info.json 1017 41b49f603139c2b52f395793480cc830685634cc94955bbad80121787a36fc21
claire nvidia/Audio2Face-3D-v2.3.1-Claire a46eafb067adfdd7cc8f5c7941586b309004561c trt_info.json 506 b288b5bba1e9eb0a1c49db0d3e182203d303c3ff26b8a6a284a3879b01758d0a
james nvidia/Audio2Face-3D-v2.3.1-James 327d000d9f76e370014a9b7467b23ea36846b680 bs_skin.npz 15297551 c5f32fd7a8bdf71d870bf8728d61e3e5b6cba137d926d3b80435f017665d17e0
james nvidia/Audio2Face-3D-v2.3.1-James 327d000d9f76e370014a9b7467b23ea36846b680 bs_skin_config.json 4944 cdd6a8c71021e8180bb4834db4f29fb27f04931f146960c9f52bed75e49ee5f4
james nvidia/Audio2Face-3D-v2.3.1-James 327d000d9f76e370014a9b7467b23ea36846b680 bs_tongue.npz 1147669 34fc3d8119b72f8a2a06b9cf32b9fd7dfc13a3a59f63ac5a13ce13a13566a203
james nvidia/Audio2Face-3D-v2.3.1-James 327d000d9f76e370014a9b7467b23ea36846b680 bs_tongue_config.json 1870 ca9de8af1767deadc2f9c4f5e5ec589f56a38f0d5856412a6882a97a59b27283
james nvidia/Audio2Face-3D-v2.3.1-James 327d000d9f76e370014a9b7467b23ea36846b680 implicit_emo_db.npz 3066024 ec65a8f8a2e282f01363887bfd900d97d3c83f3bf30e8c36318e8c1d91f036bb
james nvidia/Audio2Face-3D-v2.3.1-James 327d000d9f76e370014a9b7467b23ea36846b680 model.json 484 1a03fc1c3b1978e9c73c197c4fe5af90da63f1c7d65cb85750035f60608fe1fd
james nvidia/Audio2Face-3D-v2.3.1-James 327d000d9f76e370014a9b7467b23ea36846b680 model_config.json 979 f139208bffd36422338606018e7972db5f4ba4149112d08930ba1ccd2212bef4
james nvidia/Audio2Face-3D-v2.3.1-James 327d000d9f76e370014a9b7467b23ea36846b680 model_data.npz 41969114 c06e7578ce632aab1615650204abee740d8bbea3f076408b48666a5b3ee4b2e8
james nvidia/Audio2Face-3D-v2.3.1-James 327d000d9f76e370014a9b7467b23ea36846b680 network.onnx 159044768 acc43e2aade1f573c462b9930d031cc9f7db32ee69ac5aafe47be777f9b543ac
james nvidia/Audio2Face-3D-v2.3.1-James 327d000d9f76e370014a9b7467b23ea36846b680 network_info.json 1016 f762f3efe2f713e7ba061e3acd1f04bb944e833c6b46e318c2b35ce7194972d7
james nvidia/Audio2Face-3D-v2.3.1-James 327d000d9f76e370014a9b7467b23ea36846b680 trt_info.json 506 b288b5bba1e9eb0a1c49db0d3e182203d303c3ff26b8a6a284a3879b01758d0a
mark nvidia/Audio2Face-3D-v2.3-Mark 5451728e07378df93b04523279e134a9993ae71b bs_skin.npz 39182291 95fbe12499271a9c1ca0d718262fad76d6218f026a450d07006c6b70bc001cc5
mark nvidia/Audio2Face-3D-v2.3-Mark 5451728e07378df93b04523279e134a9993ae71b bs_skin_config.json 4944 8692be1ea81720800d042e4985b5952bb0be3b76794f29edf0de4f9dd9c07a40
mark nvidia/Audio2Face-3D-v2.3-Mark 5451728e07378df93b04523279e134a9993ae71b bs_tongue.npz 1147669 ae9f0cdade93c0e0037f9e61b125a02709b8eb133eb857d348065a847e5f0d47
mark nvidia/Audio2Face-3D-v2.3-Mark 5451728e07378df93b04523279e134a9993ae71b bs_tongue_config.json 1870 dd190bb5a73598230b67c2fb56c03b3f936fc979a1ad1f90a57552781fbfb020
mark nvidia/Audio2Face-3D-v2.3-Mark 5451728e07378df93b04523279e134a9993ae71b implicit_emo_db.npz 1319768 ec07bdf65ea52b6c348e637021a5933b663fae52acf5ff45c11726c1057d5130
mark nvidia/Audio2Face-3D-v2.3-Mark 5451728e07378df93b04523279e134a9993ae71b model.json 484 1a03fc1c3b1978e9c73c197c4fe5af90da63f1c7d65cb85750035f60608fe1fd
mark nvidia/Audio2Face-3D-v2.3-Mark 5451728e07378df93b04523279e134a9993ae71b model_config.json 984 4fe4d3423857843cf524abd429f34db25db6dfd97efb31264fb36087764ad714
mark nvidia/Audio2Face-3D-v2.3-Mark 5451728e07378df93b04523279e134a9993ae71b model_data.npz 203797682 03790f24942ec26796ce101c2e238eb7ff5c1bb94a6c14a840ffcd530d3a301e
mark nvidia/Audio2Face-3D-v2.3-Mark 5451728e07378df93b04523279e134a9993ae71b network.onnx 75751144 dcd16d3b1affb090d4da1ba88791faa6bcd755f97c853b3b667abad9be15cb4b
mark nvidia/Audio2Face-3D-v2.3-Mark 5451728e07378df93b04523279e134a9993ae71b network_info.json 1015 10423b97032e6f213d0d4d886a693723b74bc616e9fcb27fe52c1f14b1cd3f73
mark nvidia/Audio2Face-3D-v2.3-Mark 5451728e07378df93b04523279e134a9993ae71b trt_info.json 506 b288b5bba1e9eb0a1c49db0d3e182203d303c3ff26b8a6a284a3879b01758d0a
