# Hash-locked install set for the Martlet F5 host role image (workers/f5/host/Dockerfile), installed with
# pip install --no-deps --require-hashes. Direct pins: torch==2.6.0+cu124, torchaudio==2.6.0+cu124 (CUDA 12.4),
# f5-tts==1.1.22 and vocos==0.1.0 (workers/f5/martlet_f5_worker/runtime-pins.v1.json); everything else is their
# resolved closure for CPython 3.12 on linux x86_64, as pip 25.1.1 resolved it on 2026-09-29.
accelerate @ https://files.pythonhosted.org/packages/8a/4c/34f0450479d01195027260da68d8a3880683f1640c3ca5adf64acb3185f1/accelerate-1.15.0-py3-none-any.whl \
    --hash=sha256:97eacca0b73e45cb867dbf8c5d5d4dc32219544300e0c8992c7334dc2ef33cec
aiohappyeyeballs @ https://files.pythonhosted.org/packages/71/43/1947f06babed6b3f1d7f38b0c767f52df66bfb2bc10b468c4a7de9eceff2/aiohappyeyeballs-2.7.1-py3-none-any.whl \
    --hash=sha256:9243213661e29250eb41368e5daa826fc017156c3b8a11440826b2e3ed376472
aiohttp @ https://files.pythonhosted.org/packages/52/b7/7cd31f29d6055bd711ae6e669367fba6f5ae9de463910a793e30556a8db7/aiohttp-3.14.3-cp312-cp312-manylinux2014_x86_64.manylinux_2_17_x86_64.manylinux_2_28_x86_64.whl \
    --hash=sha256:543906c127fb1d929b95076db19b83fa2d46751006ff1e23b093aa5ac4d8db42
aiosignal @ https://files.pythonhosted.org/packages/fb/76/641ae371508676492379f16e2fa48f4e2c11741bd63c48be4b12a6b09cba/aiosignal-1.4.0-py3-none-any.whl \
    --hash=sha256:053243f8b92b990551949e63930a839ff0cf0b0ebbe0597b0f3fb19e1a0fe82e
annotated-doc @ https://files.pythonhosted.org/packages/3e/30/e900b21425a860e195f32e37657aa1f7c7f2b1bfb26f03ca209b90933c06/annotated_doc-0.0.5-py3-none-any.whl \
    --hash=sha256:117bac03a25ede5df5440e855b32d556049ca169ead221505badf432fed4b101
annotated-types @ https://files.pythonhosted.org/packages/99/91/8acff4f5e50511b911bbccb72b8628a49c68ce14148cd9f6431094859a90/annotated_types-0.8.0-py3-none-any.whl \
    --hash=sha256:f072f4d804ea359e4eaf198b1af7a8b0943881a87f31bb764f8bf219bb9419e0
antlr4-python3-runtime @ https://files.pythonhosted.org/packages/3e/38/7859ff46355f76f8d19459005ca000b6e7012f2f1ca597746cbcd1fbfe5e/antlr4-python3-runtime-4.9.3.tar.gz \
    --hash=sha256:f224469b4168294902bb1efa80a8bf7855f24c99aef99cbefc1bcd3cce77881b
anyio @ https://files.pythonhosted.org/packages/12/b8/4bd346e22b28902df4d651910f5242c28d84e4a5c2435ca5c3f797ed7e2e/anyio-4.15.1-py3-none-any.whl \
    --hash=sha256:6152fdbbf9a77fdec97731721bebf7c4c44f7c29b424b0065826173efc7ed101
attrs @ https://files.pythonhosted.org/packages/64/b4/17d4b0b2a2dc85a6df63d1157e028ed19f90d4cd97c36717afef2bc2f395/attrs-26.1.0-py3-none-any.whl \
    --hash=sha256:c647aa4a12dfbad9333ca4e71fe62ddc36f4e63b2d260a37a8b83d2f043ac309
bitsandbytes @ https://files.pythonhosted.org/packages/a5/6e/e4e8b75716dbe5e50964f070266e06f4e6806ce051bfb97f52ee162b9310/bitsandbytes-0.50.2-py3-none-manylinux_2_24_x86_64.whl \
    --hash=sha256:55348a9a4a21bfd99cf8c7b32fe67b4030ae5c2a05738e03c1747f65fa6ec283
boto3 @ https://files.pythonhosted.org/packages/bc/8e/0310a37ff609529dab9153cbc9fd0b66c685364d741bb6d1ae31134b728e/boto3-1.43.105-py3-none-any.whl \
    --hash=sha256:b8b6236ae7fe2724eee608c9b0649afbb86f0ec98158f39f67e64e678ec47499
botocore @ https://files.pythonhosted.org/packages/f3/94/50923cd46840e4d2b56cad1dcf5008fb20c099b04b2d93d32231f2d0bfaa/botocore-1.43.105-py3-none-any.whl \
    --hash=sha256:7abd19e1ef2c5e4a0314ca493fa7cebefabe33e559d7dd570fe2432a5431e6ec
brotli @ https://files.pythonhosted.org/packages/03/a7/03aa61fbc3c5cbf99b44d158665f9b0dd3d8059be16c460208d9e385c837/brotli-1.2.0-cp312-cp312-manylinux2014_x86_64.manylinux_2_17_x86_64.whl \
    --hash=sha256:072e7624b1fc4d601036ab3f4f27942ef772887e876beff0301d261210bca97f
cached-path @ https://files.pythonhosted.org/packages/7b/db/ccb08109c7056b0670384fc5042be5eacd1391eb12485188e92ca97ced21/cached_path-1.8.10-py3-none-any.whl \
    --hash=sha256:a7a80c4a77859e40080ed3450bc1ca5434a74fc51566361677a75fd2f5b8fea8
certifi @ https://files.pythonhosted.org/packages/0b/a7/71ac2cff56fec219ed242bb11b8efb69fcc4bec75db06fb7bfe35de520e6/certifi-2026.7.22-py3-none-any.whl \
    --hash=sha256:62f22742b58a1a33014a2b6b706588a8d7e2a88ae7bd1a6ebe8c992928483775
cffi @ https://files.pythonhosted.org/packages/b1/db/dceb9dd5b231e1da801793f8acc9f3c52a7e1afe40bb1aae37e02b0faad5/cffi-2.1.1-cp312-cp312-manylinux2014_x86_64.manylinux_2_17_x86_64.whl \
    --hash=sha256:c1453022f490d2459a11819d83ad1d586e9ff65a12ac3e705ffebd46d3685dcf
charset-normalizer @ https://files.pythonhosted.org/packages/6f/89/bb5108dc6c3651dca963f2b0a3ba19bbcb370c94e1b6d3e0e844a58e6dca/charset_normalizer-3.5.1-cp312-cp312-manylinux2014_x86_64.manylinux_2_17_x86_64.manylinux_2_28_x86_64.whl \
    --hash=sha256:b9af956078716df40d985fb0dfeb2c2120c5ca92ba4ff4b388acfd01cdc14d08
click @ https://files.pythonhosted.org/packages/58/50/6c0d534c5f134586a8e1ba4e330569e32f057e33372ae556463212fb4cd3/click-8.5.0-py3-none-any.whl \
    --hash=sha256:255bc9599cf7748b4b1a446ccc735421bd08a2ae529a8b88597d3de5664ee360
cloudpickle @ https://files.pythonhosted.org/packages/88/39/799be3f2f0f38cc727ee3b4f1445fe6d5e4133064ec2e4115069418a5bb6/cloudpickle-3.1.2-py3-none-any.whl \
    --hash=sha256:9acb47f6afd73f60dc1df93bb801b472f05ff42fa6c84167d25cb206be1fbf4a
contourpy @ https://files.pythonhosted.org/packages/78/f9/b6831508960d559581c448532ba4df312217072975486dbf2b24fcc5b76f/contourpy-1.4.0-cp312-cp312-manylinux_2_27_x86_64.manylinux_2_28_x86_64.whl \
    --hash=sha256:875f42444c9cf48d56f724f2637e60d0f73b3b12c9041e1484580a233edf9591
cryptography @ https://files.pythonhosted.org/packages/85/66/6ccca4722987ddedaa7fc9c3f4708af7431f5535666c174350830888c6b7/cryptography-50.0.1-cp311-abi3-manylinux_2_34_x86_64.whl \
    --hash=sha256:51afcfceb15597cf2635068e4ac9a56b2abde622edde17f37d85fd7b5306497a
cycler @ https://files.pythonhosted.org/packages/e7/05/c19819d5e3d95294a6f5947fb9b9629efb316b96de511b418c53d245aae6/cycler-0.12.1-py3-none-any.whl \
    --hash=sha256:85cef7cff222d8644161529808465972e51340599459b8ac3ccbac5a854e0d30
datasets @ https://files.pythonhosted.org/packages/44/0b/98fc6eb83333508ca5f44c52b3e287ea8137a0ad582714e2cbc67a02154b/datasets-5.0.1-py3-none-any.whl \
    --hash=sha256:9fbf73688f8c18f7529b4fe592abd04015f81d1e58001e4bac73ffb2b39d7cc4
decorator @ https://files.pythonhosted.org/packages/05/7f/798705f5296a58ca505d600456748d1be48078eac8a7050d8a98bc9edb89/decorator-5.3.1-py3-none-any.whl \
    --hash=sha256:f47fe6fdbd2edd623ecfe36875d37aba411624e2670dd395dddae1358689bb3c
dill @ https://files.pythonhosted.org/packages/1e/77/dc8c558f7593132cf8fefec57c4f60c83b16941c574ac5f619abb3ae7933/dill-0.4.1-py3-none-any.whl \
    --hash=sha256:1e1ce33e978ae97fcfcff5638477032b801c46c7c65cf717f95fbc2248f79a9d
einops @ https://files.pythonhosted.org/packages/2a/09/f8d8f8f31e4483c10a906437b4ce31bdf3d6d417b73fe33f1a8b59e34228/einops-0.8.2-py3-none-any.whl \
    --hash=sha256:54058201ac7087911181bfec4af6091bb59380360f069276601256a76af08193
einx @ https://files.pythonhosted.org/packages/d0/28/6768d342b2b888f9facdddbd430daf015cab936e2598281ab436b1be1b4a/einx-0.4.3-py3-none-any.whl \
    --hash=sha256:47ce54a0144f6dffcfacdd8fe2cc9e2e5e6485dda2471330ab75ee747dd22f39
ema-pytorch @ https://files.pythonhosted.org/packages/4e/36/d2d009d6a5e268da748f1b26fb7d09190922e19827680d16e8b3db82cd84/ema_pytorch-0.8.3-py3-none-any.whl \
    --hash=sha256:9035ec4d51f5af6b357ea4452232f334a3f04e9e943281dedf676e88aa372363
encodec @ https://files.pythonhosted.org/packages/62/59/e47bbd0542d0e6f4ce9983d5eb458a01d4b42c81e5c410cb9e159b1061ae/encodec-0.1.1.tar.gz \
    --hash=sha256:36dde98ccfe6c51a15576476cadfcb3b35a63507b8b8555abd69889a6fba6772
f5-tts @ https://files.pythonhosted.org/packages/26/be/5febd38994dd9ea5bfa9167d91f68cba01bdd1b710c62a89c25309c18a6c/f5_tts-1.1.22-py3-none-any.whl \
    --hash=sha256:f0505dfb5463645caa526bace346ed1c89bcc9acb9ef42fdffd56c2c4c0a09d1
fastapi @ https://files.pythonhosted.org/packages/7c/d6/c5bc445b65d62ee277fe1d7db068f248d4c0430791d00e095cffc7ac9245/fastapi-0.142.0-py3-none-any.whl \
    --hash=sha256:a42da52ec744e7b0e8a0ea6e0cbc7292c6df3cbbda8606a91aecf5c166b156da
filelock @ https://files.pythonhosted.org/packages/15/df/31098c5aeb4d966b553641472bd55fcf5fdfac953549894b8a765ba44e91/filelock-3.32.7-py3-none-any.whl \
    --hash=sha256:65ff0d0190ea42038b32bda4b77834fb05be2cad4c5b9b01aa4dfb3614536e52
fonttools @ https://files.pythonhosted.org/packages/a6/6e/babde908b879a3b51ffc230919d06a804912559dd4cf8c94f3fa2af69fec/fonttools-4.66.1-cp312-cp312-manylinux2014_x86_64.manylinux_2_17_x86_64.whl \
    --hash=sha256:7b8ff9e0edbcee2fbf7dff0c41b9041c1901c26acf64e23adb67495012df11de
frozendict @ https://files.pythonhosted.org/packages/38/74/f94141b38a51a553efef7f510fc213894161ae49b88bffd037f8d2a7cb2f/frozendict-2.4.7-py3-none-any.whl \
    --hash=sha256:972af65924ea25cf5b4d9326d549e69a9a4918d8a76a9d3a7cd174d98b237550
frozenlist @ https://files.pythonhosted.org/packages/6a/bd/d91c5e39f490a49df14320f4e8c80161cfcce09f1e2cde1edd16a551abb3/frozenlist-1.8.0-cp312-cp312-manylinux1_x86_64.manylinux_2_28_x86_64.manylinux_2_5_x86_64.whl \
    --hash=sha256:494a5952b1c597ba44e0e78113a7266e656b9794eec897b19ead706bd7074383
fsspec @ https://files.pythonhosted.org/packages/e5/22/4222d7ddf3da30f363edaa98e329c2bce6c65497c9cb2810931c8b2c0fbc/fsspec-2026.6.0-py3-none-any.whl \
    --hash=sha256:02e0b71817df9b2169dc30a16832045764def1191b43dcff5bb85bdee212d2a1
google-api-core @ https://files.pythonhosted.org/packages/44/e4/35f849ef989a801fa4f32ada19cef898fc32913c6b93bc2a6a4f95d2df9d/google_api_core-2.40.0-py3-none-any.whl \
    --hash=sha256:4b9e0a80024c269ae173136d5439f4ed284651d6e5e2773ba5c694f481f9c0f4
google-auth @ https://files.pythonhosted.org/packages/7d/fd/4208e3ac1d7df39f4e8b044a3943eb8a5a99aaf8699285bf780f614a0b30/google_auth-2.59.0-py3-none-any.whl \
    --hash=sha256:43e47b1d3067fb90d77bd9ba21f139bb0577b3f2b9f3e2516fc00f37435efcad
google-cloud-core @ https://files.pythonhosted.org/packages/12/ed/1b09640a565e5d34d4e517463f65a67a11f9dcdeb6b6e8220f2d06aaf489/google_cloud_core-2.8.0-py3-none-any.whl \
    --hash=sha256:e235b0952f7ffe7b9c71a4cf96b506d9cfb557e22557c412f0df9b7068b5d007
google-cloud-storage @ https://files.pythonhosted.org/packages/31/e1/28d9eb5b96da7b5125341b012438b2e8b5ffe1d4f12a4cc564ac193e7f5a/google_cloud_storage-3.15.1-py3-none-any.whl \
    --hash=sha256:8e05c55b9168b15a523728d8c2c75dc8403bc2ec889f2421556845ab3a276e62
google-crc32c @ https://files.pythonhosted.org/packages/9e/43/9db03635bb10188d93dcbab9baa2a8670a0da4e868b4370cdbd98d65fed8/google_crc32c-1.9.0-cp312-cp312-manylinux2014_x86_64.manylinux_2_17_x86_64.whl \
    --hash=sha256:3abb18297d9ef0ab120531838be0e6d68c9fa876570e11c229c48f2edac23ce7
google-resumable-media @ https://files.pythonhosted.org/packages/5e/2e/4f0a152f2e576e496f31ba1c3c62ed174a8878d06008916a7edc58b1bb28/google_resumable_media-2.11.0-py3-none-any.whl \
    --hash=sha256:f43d15e6a7f818f762eaead0f369c551f8275a4179c9d6225d0d259f49b87b5d
googleapis-common-protos @ https://files.pythonhosted.org/packages/65/b9/6b29500a1c581ff4d77fd83c6568d068bee06f1b139fb6eb0a4f2d4bce8a/googleapis_common_protos-1.75.5-py3-none-any.whl \
    --hash=sha256:d7285525c23039db98f2463e6d5a4f9b958b94d497f03a844ece3259c4e72d5d
gradio @ https://files.pythonhosted.org/packages/0f/1c/2d4bc21859fb2ddefdcf2291b947aa96704d7738343a5f3ec232bd5c6127/gradio-6.29.0-py3-none-any.whl \
    --hash=sha256:0325d8d48fba896ae49f06d775fc93c3ca592709e1ec908bcc0d1631b75fa593
gradio-client @ https://files.pythonhosted.org/packages/03/8a/dea48fd8863da2a920e6f83c3ce9b0a00dbb5517cd77b834746812d4687e/gradio_client-2.7.1-py3-none-any.whl \
    --hash=sha256:b4f953212a66eeb7fa12d93fcf98fa90a0567c2c9c6a5fc2795610f7c71e21b5
groovy @ https://files.pythonhosted.org/packages/28/27/3d6dcadc8a3214d8522c1e7f6a19554e33659be44546d44a2f7572ac7d2a/groovy-0.1.2-py3-none-any.whl \
    --hash=sha256:7f7975bab18c729a257a8b1ae9dcd70b7cafb1720481beae47719af57c35fa64
h11 @ https://files.pythonhosted.org/packages/04/4b/29cac41a4d98d144bf5f6d33995617b185d14b22401f75ca86f384e87ff1/h11-0.16.0-py3-none-any.whl \
    --hash=sha256:63cf8bbe7522de3bf65932fda1d9c2772064ffb3dae62d55932da54b31cb6c86
hf-gradio @ https://files.pythonhosted.org/packages/30/2d/afff2ee87e75d8eb85c92bb8cf0e15b05c23c2ebd8fd8dec781d8601ed7f/hf_gradio-0.4.1-py3-none-any.whl \
    --hash=sha256:76b8cb8be6abe62d74c1ad2d35b42f0629db89aa9e1a8d033cecfe7c856eeab3
hf-xet @ https://files.pythonhosted.org/packages/67/4e/a28359bf1c1ecf11eba22123168c138698f7cb576ac678f5a2e16cd5da08/hf_xet-1.6.0-cp38-abi3-manylinux2014_x86_64.manylinux_2_17_x86_64.whl \
    --hash=sha256:d62671bb130879cef0ee4c9ebe47a14af6c66ec53e6d84dc15936e5ffdfac82f
httpcore @ https://files.pythonhosted.org/packages/7e/f5/f66802a942d491edb555dd61e3a9961140fd64c90bce1eafd741609d334d/httpcore-1.0.9-py3-none-any.whl \
    --hash=sha256:2d400746a40668fc9dec9810239072b40b4484b640a8c38fd654a024c7a1bf55
httpx @ https://files.pythonhosted.org/packages/2a/39/e50c7c3a983047577ee07d2a9e53faf5a69493943ec3f6a384bdc792deb2/httpx-0.28.1-py3-none-any.whl \
    --hash=sha256:d909fcccc110f8c7faf814ca82a9a4d816bc5a6dbfea25d6591d6985b8ba59ad
huggingface-hub @ https://files.pythonhosted.org/packages/fc/16/963096d224b80909432dc16561a615fd33d2d13beef3ce4c63fa25e40867/huggingface_hub-1.33.0-py3-none-any.whl \
    --hash=sha256:04e434b06e100eddbce9a6e817d72693a7884b10a79bd67ab48080d5c07eb899
hydra-core @ https://files.pythonhosted.org/packages/25/0c/21890c10cc94da917c8e47efc1c55cd3e56a1d25ab5947bdd35abaf9fdc1/hydra_core-1.3.7-py3-none-any.whl \
    --hash=sha256:83606c4a05c770f1e026e0489875f28989829d151799eabd8cfa8cbe82164515
idna @ https://files.pythonhosted.org/packages/58/a2/bb081bab032533a855d44de1d56f8e8426114ff1ba5d1f07a438a0a654f8/idna-3.20-py3-none-any.whl \
    --hash=sha256:ab7ae7122974553370f0bdb919e1a960b2cd1bc1ef0276416d896db81c14582c
jinja2 @ https://files.pythonhosted.org/packages/62/a1/3d680cbfd5f4b8f15abc1d571870c5fc3e594bb582bc3b64ea099db13e56/jinja2-3.1.6-py3-none-any.whl \
    --hash=sha256:85ece4451f492d0c13c5dd7c13a64681a86afae63a5f347908daf103ce6d2f67
jmespath @ https://files.pythonhosted.org/packages/14/2f/967ba146e6d58cf6a652da73885f52fc68001525b4197effc174321d70b4/jmespath-1.1.0-py3-none-any.whl \
    --hash=sha256:a5663118de4908c91729bea0acadca56526eb2698e83de10cd116ae0f4e97c64
joblib @ https://files.pythonhosted.org/packages/18/53/84099323c2ec4be98d935f63c033ac4151ee83836ca1050ede3b3aadf155/joblib-1.6.0-py3-none-any.whl \
    --hash=sha256:3dbbf9f6e4b592a2357b854608e980fe6390d131d7a82f011a377ef2ebef7aba
kiwisolver @ https://files.pythonhosted.org/packages/fc/f4/dadfec469313c7f428efa7e84b4aba9732f813c13ea7131a24b7b008ef57/kiwisolver-1.5.1-cp312-cp312-manylinux2014_x86_64.manylinux_2_17_x86_64.whl \
    --hash=sha256:34633ecf50d16187ab8e5528b7a2530f2feb4e23f300db4672538b51cfc5cd38
lazy-loader @ https://files.pythonhosted.org/packages/23/93/4e45e37f26c820216704b36b8e67cc55c490a7abd287a78a26a2c0e21386/lazy_loader-0.6-py3-none-any.whl \
    --hash=sha256:77253be3391b06124a0e16105bd663b6c54470af1a9ca8e1cf026f38d58ed056
librosa @ https://files.pythonhosted.org/packages/96/14/0b2e4cc8017796dc8f69de740708601832c1e8d5377166eedb4db0a92264/librosa-1.0.0-py3-none-any.whl \
    --hash=sha256:5910a6c0e1b2e494b92758c1615a7acbd0515a2315e138927ba2982f2af88857
llvmlite @ https://files.pythonhosted.org/packages/be/3c/e97f69c62a2d972066d9a2612ce1f3de313035ac897a5b9f787cad8b55f7/llvmlite-0.49.0-cp312-cp312-manylinux2014_x86_64.manylinux_2_17_x86_64.whl \
    --hash=sha256:6acba646d88abbc87d5c113a3d62c1fbf8b8fee11c6493f516803e30f21ae870
loguru @ https://files.pythonhosted.org/packages/0c/29/0348de65b8cc732daa3e33e67806420b2ae89bdce2b04af740289c5c6c8c/loguru-0.7.3-py3-none-any.whl \
    --hash=sha256:31a33c10c8e1e10422bfd431aeb5d351c7cf7fa671e3c4df004162264b28220c
markdown-it-py @ https://files.pythonhosted.org/packages/b3/81/4da04ced5a082363ecfa159c010d200ecbd959ae410c10c0264a38cac0f5/markdown_it_py-4.2.0-py3-none-any.whl \
    --hash=sha256:9f7ebbcd14fe59494226453aed97c1070d83f8d24b6fc3a3bcf9a38092641c4a
markupsafe @ https://files.pythonhosted.org/packages/3c/2e/8d0c2ab90a8c1d9a24f0399058ab8519a3279d1bd4289511d74e909f060e/markupsafe-3.0.3-cp312-cp312-manylinux2014_x86_64.manylinux_2_17_x86_64.manylinux_2_28_x86_64.whl \
    --hash=sha256:d6dd0be5b5b189d31db7cda48b91d7e0a9795f31430b7f271219ab30f1d3ac9d
matplotlib @ https://files.pythonhosted.org/packages/b8/90/2b3fd67ee273163faeda6d514be70b5596eaa0fd77b60ffc294ad0b34f5f/matplotlib-3.11.2-cp312-cp312-manylinux2014_x86_64.manylinux_2_17_x86_64.whl \
    --hash=sha256:df4f7784aca81a94f254c0a2767d592ee25f407e488f5fa7203e51093fb6ca27
mdurl @ https://files.pythonhosted.org/packages/b3/38/89ba8ad64ae25be8de66a6d463314cf1eb366222074cfda9ee839c56a4b4/mdurl-0.1.2-py3-none-any.whl \
    --hash=sha256:84008a41e51615a49fc9966191ff91509e3c40b939176e643fd50a5c2196b8f8
mpmath @ https://files.pythonhosted.org/packages/43/e3/7d92a15f894aa0c9c4b49b8ee9ac9850d6e63b03c9c32c0367a13ae62209/mpmath-1.3.0-py3-none-any.whl \
    --hash=sha256:a0b2b9fe80bbcd81a6647ff13108738cfb482d481d826cc0e02f5b35e5c88d2c
msgpack @ https://files.pythonhosted.org/packages/3a/cf/9c2e4d6c179529d5bf4a64cff76fa581486569e9fbdd35bd98f51cb624bf/msgpack-1.2.3-cp312-cp312-manylinux2014_x86_64.manylinux_2_17_x86_64.manylinux_2_28_x86_64.whl \
    --hash=sha256:ede33b2892ceb976283e009ad12fa1834cfdf1f9c43ee9c97849fc588d00a618
multidict @ https://files.pythonhosted.org/packages/ed/5b/db08419c1e1f7c9d60cfd2787b2b517d7ae4ebbda8281b48a33eb5141467/multidict-6.9.1-cp312-cp312-manylinux2014_x86_64.manylinux_2_17_x86_64.manylinux_2_28_x86_64.whl \
    --hash=sha256:976fd7689d69ec78d67d31d38d396d8adb562f7e8368279f76aed4aa451fa06d
multiprocess @ https://files.pythonhosted.org/packages/71/70/38998b950a97ea279e6bd657575d22d1a2047256caf707d9a10fbce4f065/multiprocess-0.70.19-py312-none-any.whl \
    --hash=sha256:3a56c0e85dd5025161bac5ce138dcac1e49174c7d8e74596537e729fd5c53c28
narwhals @ https://files.pythonhosted.org/packages/40/b5/1b84b2c784db76d69442334bc8b8748c840f13ca53be086f4f250ad4a0bc/narwhals-2.26.0-py3-none-any.whl \
    --hash=sha256:29326d74f107c347fd1009bd58e38d9f7c7c5b51e6de97bc93dbc325d9038b54
networkx @ https://files.pythonhosted.org/packages/7e/cd/fe58041e9011f307c490e3e17dd48cc516448f7c698a3f2d9d9d65d7e6a8/networkx-3.7-py3-none-any.whl \
    --hash=sha256:e3fd2c13a7814cee3746340d8d7f8598a67f16a58bf47fb7f8793fab6efca1b0
numba @ https://files.pythonhosted.org/packages/bb/38/926757caaac18a66f057d7544a63620bf360a07d281c9f7ecadd2aa83963/numba-0.67.0-cp312-cp312-manylinux2014_x86_64.manylinux_2_17_x86_64.whl \
    --hash=sha256:f63d43db06b4756424d6d2484737c902e0ae944a0eec3e8b0b4de2c695b15caa
numpy @ https://files.pythonhosted.org/packages/65/af/aa78d1a88805456e212b65461354cd943197fb9acecc4c90fd12295123a3/numpy-2.5.3-cp312-cp312-manylinux_2_27_x86_64.manylinux_2_28_x86_64.whl \
    --hash=sha256:b7e18c623bb5c95acb3b3328861272816ba199fb531921c5d6d0b675f1fde9e3
nvidia-cublas-cu12 @ https://files.pythonhosted.org/packages/ae/71/1c91302526c45ab494c23f61c7a84aa568b8c1f9d196efa5993957faf906/nvidia_cublas_cu12-12.4.5.8-py3-none-manylinux2014_x86_64.whl \
    --hash=sha256:2fc8da60df463fdefa81e323eef2e36489e1c94335b5358bcb38360adf75ac9b
nvidia-cuda-cupti-cu12 @ https://files.pythonhosted.org/packages/67/42/f4f60238e8194a3106d06a058d494b18e006c10bb2b915655bd9f6ea4cb1/nvidia_cuda_cupti_cu12-12.4.127-py3-none-manylinux2014_x86_64.whl \
    --hash=sha256:9dec60f5ac126f7bb551c055072b69d85392b13311fcc1bcda2202d172df30fb
nvidia-cuda-nvrtc-cu12 @ https://files.pythonhosted.org/packages/2c/14/91ae57cd4db3f9ef7aa99f4019cfa8d54cb4caa7e00975df6467e9725a9f/nvidia_cuda_nvrtc_cu12-12.4.127-py3-none-manylinux2014_x86_64.whl \
    --hash=sha256:a178759ebb095827bd30ef56598ec182b85547f1508941a3d560eb7ea1fbf338
nvidia-cuda-runtime-cu12 @ https://files.pythonhosted.org/packages/ea/27/1795d86fe88ef397885f2e580ac37628ed058a92ed2c39dc8eac3adf0619/nvidia_cuda_runtime_cu12-12.4.127-py3-none-manylinux2014_x86_64.whl \
    --hash=sha256:64403288fa2136ee8e467cdc9c9427e0434110899d07c779f25b5c068934faa5
nvidia-cudnn-cu12 @ https://files.pythonhosted.org/packages/9f/fd/713452cd72343f682b1c7b9321e23829f00b842ceaedcda96e742ea0b0b3/nvidia_cudnn_cu12-9.1.0.70-py3-none-manylinux2014_x86_64.whl \
    --hash=sha256:165764f44ef8c61fcdfdfdbe769d687e06374059fbb388b6c89ecb0e28793a6f
nvidia-cufft-cu12 @ https://files.pythonhosted.org/packages/27/94/3266821f65b92b3138631e9c8e7fe1fb513804ac934485a8d05776e1dd43/nvidia_cufft_cu12-11.2.1.3-py3-none-manylinux2014_x86_64.whl \
    --hash=sha256:f083fc24912aa410be21fa16d157fed2055dab1cc4b6934a0e03cba69eb242b9
nvidia-curand-cu12 @ https://files.pythonhosted.org/packages/8a/6d/44ad094874c6f1b9c654f8ed939590bdc408349f137f9b98a3a23ccec411/nvidia_curand_cu12-10.3.5.147-py3-none-manylinux2014_x86_64.whl \
    --hash=sha256:a88f583d4e0bb643c49743469964103aa59f7f708d862c3ddb0fc07f851e3b8b
nvidia-cusolver-cu12 @ https://files.pythonhosted.org/packages/3a/e1/5b9089a4b2a4790dfdea8b3a006052cfecff58139d5a4e34cb1a51df8d6f/nvidia_cusolver_cu12-11.6.1.9-py3-none-manylinux2014_x86_64.whl \
    --hash=sha256:19e33fa442bcfd085b3086c4ebf7e8debc07cfe01e11513cc6d332fd918ac260
nvidia-cusparse-cu12 @ https://files.pythonhosted.org/packages/db/f7/97a9ea26ed4bbbfc2d470994b8b4f338ef663be97b8f677519ac195e113d/nvidia_cusparse_cu12-12.3.1.170-py3-none-manylinux2014_x86_64.whl \
    --hash=sha256:ea4f11a2904e2a8dc4b1833cc1b5181cde564edd0d5cd33e3c168eff2d1863f1
nvidia-cusparselt-cu12 @ https://files.pythonhosted.org/packages/78/a8/bcbb63b53a4b1234feeafb65544ee55495e1bb37ec31b999b963cbccfd1d/nvidia_cusparselt_cu12-0.6.2-py3-none-manylinux2014_x86_64.whl \
    --hash=sha256:df2c24502fd76ebafe7457dbc4716b2fec071aabaed4fb7691a201cde03704d9
nvidia-nccl-cu12 @ https://files.pythonhosted.org/packages/df/99/12cd266d6233f47d00daf3a72739872bdc10267d0383508b0b9c84a18bb6/nvidia_nccl_cu12-2.21.5-py3-none-manylinux2014_x86_64.whl \
    --hash=sha256:8579076d30a8c24988834445f8d633c697d42397e92ffc3f63fa26766d25e0a0
nvidia-nvjitlink-cu12 @ https://files.pythonhosted.org/packages/ff/ff/847841bacfbefc97a00036e0fce5a0f086b640756dc38caea5e1bb002655/nvidia_nvjitlink_cu12-12.4.127-py3-none-manylinux2014_x86_64.whl \
    --hash=sha256:06b3b9b25bf3f8af351d664978ca26a16d2c5127dbd53c0497e28d1fb9611d57
nvidia-nvtx-cu12 @ https://files.pythonhosted.org/packages/87/20/199b8713428322a2f22b722c62b8cc278cc53dffa9705d744484b5035ee9/nvidia_nvtx_cu12-12.4.127-py3-none-manylinux2014_x86_64.whl \
    --hash=sha256:781e950d9b9f60d8241ccea575b32f5105a5baf4c2351cab5256a24869f12a1a
omegaconf @ https://files.pythonhosted.org/packages/a4/0e/152509871bf30df6fc38569f52a2db9b55dd41aae957adae50a053ac7778/omegaconf-2.3.1-py3-none-any.whl \
    --hash=sha256:3d701d14e9a8828f1edd28bb70b725908b34277cdd72cf7d6a83f94dadc6b6a0
opentelemetry-api @ https://files.pythonhosted.org/packages/44/b9/040d1a1c7836922828e6480cd2366bb8fe0ebf75b413d2bb51a9b0e7f78f/opentelemetry_api-1.45.0-py3-none-any.whl \
    --hash=sha256:80e068aba7cd56c8b58512d6a36f8d25cb1dfaa0c0a4cc1c938ccf9f362d9cb3
opentelemetry-exporter-http-transport @ https://files.pythonhosted.org/packages/b1/65/34d7106eb45acda40f016c5b31b313ffbbf4744acd5f099f29eaf2958b4d/opentelemetry_exporter_http_transport-0.66b0-py3-none-any.whl \
    --hash=sha256:c82689928a11505a2a0a26a04afe0ce06d270d3db984bc16c1a80ffa902db00e
opentelemetry-exporter-otlp-common @ https://files.pythonhosted.org/packages/c3/a9/b6a7a9d40ba99ed71b18e17310339024b086578f5f32162df1c1c0cf6270/opentelemetry_exporter_otlp_common-0.66b0-py3-none-any.whl \
    --hash=sha256:35d24c867310f4713a9738b0202b6bade77955418fccb9e2f7eea01b76263916
opentelemetry-exporter-otlp-proto-common @ https://files.pythonhosted.org/packages/f0/bf/3e21917368a81282ce9fc6d085a944dcaea6eed19de7d29cc979375db347/opentelemetry_exporter_otlp_proto_common-1.45.0-py3-none-any.whl \
    --hash=sha256:7e1410ae6d3ed301f7a74bec96467d519d3f37e52f9d95b309ae125e5a1af863
opentelemetry-exporter-otlp-proto-http @ https://files.pythonhosted.org/packages/e7/18/875e0ee47e035f324e42eda9aab47d58381a4412181dca251d3504e24680/opentelemetry_exporter_otlp_proto_http-1.45.0-py3-none-any.whl \
    --hash=sha256:74385f99266dafdefff41f3da4b76f6dba79d237a9d4487e6ff1ee653c74a0a3
opentelemetry-proto @ https://files.pythonhosted.org/packages/6b/45/814d55714507c7ce9c9cd86a4f83ceb5a74ab0bffcc63ff493943f138de2/opentelemetry_proto-1.45.0-py3-none-any.whl \
    --hash=sha256:9731566359d7b8e1ee1e149d8e4ad6865bab965e657ad3387ec2784d16927666
opentelemetry-sdk @ https://files.pythonhosted.org/packages/8a/ae/46963201ce58d6b86f9e54087a39720a35ac9f57c3a9e440d275995c2b02/opentelemetry_sdk-1.45.0-py3-none-any.whl \
    --hash=sha256:5dc634c946546f61b757c5b1781f9fd1a10e96ffaf7357c797e508fe9c57e75e
opentelemetry-semantic-conventions @ https://files.pythonhosted.org/packages/f4/93/2ad416d69c4ca8fd21ebc6894f23f4eda744dc6f43a14d7a9ffd7ed3abbd/opentelemetry_semantic_conventions-0.66b0-py3-none-any.whl \
    --hash=sha256:175b19dd98c4473f4f43a2b1df59186fd7b4a48cd3f77cbe03438b6d6fda230a
orjson @ https://files.pythonhosted.org/packages/8c/57/80b986ebfecd9c6a177ddf1c2319717f0cd8feffb2b78946595a18a2fc88/orjson-3.12.0-cp312-cp312-manylinux_2_17_x86_64.manylinux2014_x86_64.whl \
    --hash=sha256:1192a7021b6d071aaf909864f6e924d6a2675ca360485b972b8401749311750b
packaging @ https://files.pythonhosted.org/packages/63/34/ba1c580383c9eada3711951fef0795c80b829a078d72188184bcab9dd527/packaging-26.3-py3-none-any.whl \
    --hash=sha256:d7193f7c8e4e93f444fde0262bf90af30e16fa0ad0ad44cb553c87339b23cd1c
pandas @ https://files.pythonhosted.org/packages/cb/67/0c0f18e38d7f2d2af8c24b3315bc4046e73bbdd4a5540405506671ad0c0d/pandas-3.0.6-cp312-cp312-manylinux_2_24_x86_64.manylinux_2_28_x86_64.whl \
    --hash=sha256:0704044b676496b8350e023b09f174a26772456c974a2b11c36bebb558c9490d
pillow @ https://files.pythonhosted.org/packages/84/21/a35af28dcc61f37ed850a2d64c65c701321dfbf25085e469d5559360cbbf/pillow-12.3.0-cp312-cp312-manylinux_2_27_x86_64.manylinux_2_28_x86_64.whl \
    --hash=sha256:78cb2c6865a35ab8ff8b75fd122f6033b92a62c82801110e48ddd6c936a45d91
platformdirs @ https://files.pythonhosted.org/packages/d0/89/446044f33aba0348d35e433f56d12206d010a5281a1df54054d4cfb82388/platformdirs-4.12.2-py3-none-any.whl \
    --hash=sha256:29dbf06d96c500bc6bdbce75fb0a14d63279c93b1842f97e72a135b33e856983
pooch @ https://files.pythonhosted.org/packages/2a/2d/d4bf65e47cea8ff2c794a600c4fd1273a7902f268757c531e0ee9f18aa58/pooch-1.9.0-py3-none-any.whl \
    --hash=sha256:f265597baa9f760d25ceb29d0beb8186c243d6607b0f60b83ecf14078dbc703b
propcache @ https://files.pythonhosted.org/packages/85/9f/83a07b6ec0e043c050cfdd35fb0cf1b7897b91d554d6eea293740309afe7/propcache-0.5.4-cp312-cp312-manylinux2014_x86_64.manylinux_2_17_x86_64.manylinux_2_28_x86_64.whl \
    --hash=sha256:2814ecd8e818f487bee4b0f921bc4d1c176cc5fc71ac0f072d0fa67eda4ac14b
proto-plus @ https://files.pythonhosted.org/packages/b1/05/a3ef5b1161498e7b5a2a60288a9cf41b9149e94555423a43ec536737ac1a/proto_plus-1.29.0-py3-none-any.whl \
    --hash=sha256:8acd070469a7aaf43f440b022ef9757c8cac1a9f866e933f59ae98669ddc6c8b
protobuf @ https://files.pythonhosted.org/packages/db/f3/3996583dd2906297a637af12114deddf7658af6e683fedb83be061983fb5/protobuf-7.36.2-cp310-abi3-manylinux2014_x86_64.whl \
    --hash=sha256:89f23aa53c24553a2416fd4fd1ec06f74fa42b14b546d8883128813f775bbfd2
psutil @ https://files.pythonhosted.org/packages/b5/70/5d8df3b09e25bce090399cf48e452d25c935ab72dad19406c77f4e828045/psutil-7.2.2-cp36-abi3-manylinux2010_x86_64.manylinux_2_12_x86_64.manylinux_2_28_x86_64.whl \
    --hash=sha256:076a2d2f923fd4821644f5ba89f059523da90dc9014e85f8e45a5774ca5bc6f9
pyarrow @ https://files.pythonhosted.org/packages/60/c9/711ca85d79f1ec98f29a5eae2b051e25b4ecec5de3e3c0e2d5c5dcb15664/pyarrow-25.0.1-cp312-cp312-manylinux_2_28_x86_64.whl \
    --hash=sha256:5389cdf79447ed1515c9e31620e6e1e2302249564d603f2ad727d4f6d313e4c3
pyasn1 @ https://files.pythonhosted.org/packages/9a/3b/6163796d69c3977d1e4287bea4a6979161cbbdd170ebb430511e8e1999ce/pyasn1-0.6.4-py3-none-any.whl \
    --hash=sha256:deda9277cfd454080ec40b207fb6df82206a3a2688735233cdcd8d3d565f088b
pyasn1-modules @ https://files.pythonhosted.org/packages/47/8d/d529b5d697919ba8c11ad626e835d4039be708a35b0d22de83a269a6682c/pyasn1_modules-0.4.2-py3-none-any.whl \
    --hash=sha256:29253a9207ce32b64c3ac6600edc75368f98473906e8fd1043bd6b5b1de2c14a
pycparser @ https://files.pythonhosted.org/packages/0c/c3/44f3fbbfa403ea2a7c779186dc20772604442dde72947e7d01069cbe98e3/pycparser-3.0-py3-none-any.whl \
    --hash=sha256:b727414169a36b7d524c1c3e31839a521725078d7b2ff038656844266160a992
pydantic @ https://files.pythonhosted.org/packages/eb/47/c95ffc2009878c7aac0c5e08528022dcb885933252a88b5f170058014464/pydantic-2.13.5-py3-none-any.whl \
    --hash=sha256:346a034f080da3755d8e9cb5e00e8b07de1d39e4f6e2c87d8ab7cafa0b269a73
pydantic-core @ https://files.pythonhosted.org/packages/c0/a4/eb9409ec0736e50aa70a412f16c204ed149516846912f7e6724d4c73ee53/pydantic_core-2.46.5-cp312-cp312-manylinux_2_17_x86_64.manylinux2014_x86_64.whl \
    --hash=sha256:0fc5be0abd4a407e200d844b404e33639a554e7bd0d448e7b9ae181be4789ac2
pydub @ https://files.pythonhosted.org/packages/a6/53/d78dc063216e62fc55f6b2eebb447f6a4b0a59f55c8406376f76bf959b08/pydub-0.25.1-py2.py3-none-any.whl \
    --hash=sha256:65617e33033874b59d87db603aa1ed450633288aefead953b30bded59cb599a6
pygments @ https://files.pythonhosted.org/packages/71/46/17f022dd3e953bf20a04a028a21ec746d942f8d2af30fa0f124fa0e6a684/pygments-2.21.0-py3-none-any.whl \
    --hash=sha256:2363c69b61c4a97c838da3b130dcd6468f4848992b21a82f2a63ec34377137d9
pyparsing @ https://files.pythonhosted.org/packages/38/bb/d215ee7c73b61497b28a5503f9f53523f294fcc936762b7caf90e0c1c2b5/pyparsing-3.3.3-py3-none-any.whl \
    --hash=sha256:ece8c00a69cf01b45d0b1dedabb469c90d8caf996d4fda40f147627a122849a4
pypinyin @ https://files.pythonhosted.org/packages/b9/7b/4cabc76fcc21c3c7d5c671d8783984d30ac9d3bb387c4ba784fca3cdfa3a/pypinyin-0.55.0-py2.py3-none-any.whl \
    --hash=sha256:d53b1e8ad2cdb815fb2cb604ed3123372f5a28c6f447571244aca36fc62a286f
python-dateutil @ https://files.pythonhosted.org/packages/ec/57/56b9bcc3c9c6a792fcbaf139543cee77261f3651ca9da0c93f5c1221264b/python_dateutil-2.9.0.post0-py2.py3-none-any.whl \
    --hash=sha256:a8b2bc7bffae282281c8140a97d3aa9c14da0b136dfe83f850eea9a5f7470427
python-multipart @ https://files.pythonhosted.org/packages/e1/04/e8135ebd1ad02c56ec633277529b2602ff99ff634be76cdba5744cf554fd/python_multipart-0.0.32-py3-none-any.whl \
    --hash=sha256:ff6d3f776f16878c894e52e107296ffc890e913c611b1a4ec6c44e2821fe2e23
pytz @ https://files.pythonhosted.org/packages/d5/11/e3df59614bebe0ca50c905442603eda64ae7ac19811d4e4f74aa2d51ca85/pytz-2026.4-py2.py3-none-any.whl \
    --hash=sha256:9d514388fbc89ca0833203464272ac485b8828568ab73532f5020f17e892a0ff
pyyaml @ https://files.pythonhosted.org/packages/8b/9d/b3589d3877982d4f2329302ef98a8026e7f4443c765c46cfecc8858c6b4b/pyyaml-6.0.3-cp312-cp312-manylinux2014_x86_64.manylinux_2_17_x86_64.manylinux_2_28_x86_64.whl \
    --hash=sha256:ba1cc08a7ccde2d2ec775841541641e4548226580ab850948cbfda66a1befcdc
regex @ https://files.pythonhosted.org/packages/26/83/d2fbd2e4e3afb1167daa825187d196f313cbaa1a4768f311fb041bb0e3d2/regex-2026.9.29-cp312-cp312-manylinux2014_x86_64.manylinux_2_17_x86_64.manylinux_2_28_x86_64.whl \
    --hash=sha256:39ab5894d971f9ac68baa6eca5c50387db579cfcacf36ae8df3feceb1815e6d0
requests @ https://files.pythonhosted.org/packages/a0/f4/c67b0b3f1b9245e8d266f0f112c500d50e5b4e83cb6f3b71b6528104182a/requests-2.34.2-py3-none-any.whl \
    --hash=sha256:2a0d60c172f83ac6ab31e4554906c0f3b3588d37b5cb939b1c061f4907e278e0
rich @ https://files.pythonhosted.org/packages/19/71/39c7c0d87f8d4e6c020a393182060eaefeeae6c01dab6a84ec346f2567df/rich-13.9.4-py3-none-any.whl \
    --hash=sha256:6049d5e6ec054bf2779ab3358186963bac2ea89175919d699e378b99738c2a90
rjieba @ https://files.pythonhosted.org/packages/36/44/5a64bc5c97060315696fa8203251f8af7b76dd2aae49ef55f0b286e78bd8/rjieba-0.2.1-cp38-abi3-manylinux_2_17_x86_64.manylinux2014_x86_64.whl \
    --hash=sha256:e4be37db4a99162c99cc55b4e93e024c5041a65a6ab3b5fda0c58beb21eb234f
s3transfer @ https://files.pythonhosted.org/packages/bc/e7/5c595c75e9f41a44f30e526eda465ea0b4eec93470e074e4a111b253f13a/s3transfer-0.19.2-py3-none-any.whl \
    --hash=sha256:d8168eccca828cbb2cd573675333f3bddd254313a9c42494b84c76b539e8ba25
safehttpx @ https://files.pythonhosted.org/packages/2e/a3/0f0b7d78e2f1eb9e8e1afbff1d2bff8d60144aee17aca51c065b516743dd/safehttpx-0.1.7-py3-none-any.whl \
    --hash=sha256:c4f4a162db6993464d7ca3d7cc4af0ffc6515a606dfd220b9f82c6945d869cde
safetensors @ https://files.pythonhosted.org/packages/28/50/f203ff3a3ddfe19308efc83c5a3a29ed02bf786732ec35e68bf9162f3365/safetensors-0.8.0-cp310-abi3-manylinux_2_17_x86_64.manylinux2014_x86_64.whl \
    --hash=sha256:fd6f3f93c9a0a7cc2788ee63fb763353d4bd2e89b0751bc78fcf7dda00bea774
scikit-learn @ https://files.pythonhosted.org/packages/8e/57/a50162f3d29feb979ab6347c6debda506dfb525bcff3c50dd17606651c7e/scikit_learn-1.9.1-cp312-cp312-manylinux_2_27_x86_64.manylinux_2_28_x86_64.whl \
    --hash=sha256:e5d7b18a5b9dca241a74695f3275fa4c895a9dadc72b3d8df5fa9d1083c9b83e
scipy @ https://files.pythonhosted.org/packages/df/64/ff35eb9e54894cf471ff4716abd3c81eb0a0626869217ce3e6ba4ccf17d7/scipy-1.18.1-cp312-cp312-manylinux_2_27_x86_64.manylinux_2_28_x86_64.whl \
    --hash=sha256:f55fa87b6c612ecd6b058f167c53231b1d14e412efe361d3d6e38b3631c73218
semantic-version @ https://files.pythonhosted.org/packages/6a/23/8146aad7d88f4fcb3a6218f41a60f6c2d4e3a72de72da1825dc7c8f7877c/semantic_version-2.10.0-py2.py3-none-any.whl \
    --hash=sha256:de78a3b8e0feda74cabc54aab2da702113e33ac9d9eb9d2389bcf1f58b7d9177
setuptools @ https://files.pythonhosted.org/packages/95/9c/c510029fc6ef33a6275cd2c5d3cecd6613dfd6aa401d57c54f1c18852ccf/setuptools-84.0.0-py3-none-any.whl \
    --hash=sha256:51a52592b3b99e102b609654876bd65f19f999935166d1352678931132b0c670
shellingham @ https://files.pythonhosted.org/packages/e0/f9/0595336914c5619e5f28a1fb793285925a8cd4b432c9da0a987836c7f822/shellingham-1.5.4-py2.py3-none-any.whl \
    --hash=sha256:7ecfff8f2fd72616f7481040475a65b2bf8af90a56c89140852d1120324e8686
six @ https://files.pythonhosted.org/packages/b7/ce/149a00dd41f10bc29e5921b496af8b574d8413afcd5e30dfa0ed46c2cc5e/six-1.17.0-py2.py3-none-any.whl \
    --hash=sha256:4721f391ed90541fddacab5acf947aa0d3dc7d27b2e1e8eda2be8970586c3274
soundfile @ https://files.pythonhosted.org/packages/7b/a2/70fd4432b924684c372df8b0a45708c36c057ef3596c9eb53e0a806b980b/soundfile-0.14.0-py2.py3-none-manylinux_2_28_x86_64.whl \
    --hash=sha256:1e38bac1853412871318e82a1ba69a8be677619b56025bbfcccdb41b6cafe82d
soxr @ https://files.pythonhosted.org/packages/5c/f1/0e55195893228609c9a08c3b13b7a83a46c3a992cd00d3304f0f320cfb07/soxr-1.1.0-cp312-abi3-manylinux_2_27_x86_64.manylinux_2_28_x86_64.whl \
    --hash=sha256:3b033078e86f3c4a658e5697fac8995764fad9e799563616b630136b613167f1
starlette @ https://files.pythonhosted.org/packages/4e/d6/1ec1b290f9e0fb067899b61e1d37a30c923068bad260b216dbe37a7d2967/starlette-1.7.0-py3-none-any.whl \
    --hash=sha256:67f8e99895493dd2911a03f11314af6ceebeae4e704bb9f43dfc6a9db151c93e
sympy @ https://files.pythonhosted.org/packages/b2/fe/81695a1aa331a842b582453b605175f419fe8540355886031328089d840a/sympy-1.13.1-py3-none-any.whl \
    --hash=sha256:db36cdc64bf61b9b24578b6f7bab1ecdd2452cf008f34faa33776680c26d66f8
threadpoolctl @ https://files.pythonhosted.org/packages/43/3f/f88a53f60a472b46f4023f56d204dd7de33d34c5d2acbfa0d70a674e639e/threadpoolctl-3.7.0-py3-none-any.whl \
    --hash=sha256:cd8b60b5641b45c67bbf73c64c843235fc2d8a480c87389f52f5dbee893b86be
tokenizers @ https://files.pythonhosted.org/packages/2c/ca/ca6b93c7820df123b2662a9469e8facc826ccc94e98fdd0d615f6431e73a/tokenizers-0.23.2-cp310-abi3-manylinux_2_17_x86_64.manylinux2014_x86_64.whl \
    --hash=sha256:41c2f84d172449b4dadb9cdc508e3e364076613c35b16e76ecfe47a60d1e3305
tomli @ https://files.pythonhosted.org/packages/10/90/d62ce007a1c80d0b2c93e02cab211224756240884751b94ca72df8a875ca/tomli-2.4.1-cp312-cp312-manylinux2014_x86_64.manylinux_2_17_x86_64.manylinux_2_28_x86_64.whl \
    --hash=sha256:136443dbd7e1dee43c68ac2694fde36b2849865fa258d39bf822c10e8068eac5
tomlkit @ https://files.pythonhosted.org/packages/b5/11/87d6d29fb5d237229d67973a6c9e06e048f01cf4994dee194ab0ea841814/tomlkit-0.14.0-py3-none-any.whl \
    --hash=sha256:592064ed85b40fa213469f81ac584f67a4f2992509a7c3ea2d632208623a3680
torch @ https://download-r2.pytorch.org/whl/cu124/torch-2.6.0%2Bcu124-cp312-cp312-linux_x86_64.whl \
    --hash=sha256:a393b506844035c0dac2f30ea8478c343b8e95a429f06f3b3cadfc7f53adb597
torch-einops-utils @ https://files.pythonhosted.org/packages/80/9f/196a340b7c6a24fccb6dcce8618cf962bafdbc0f6b1c309ea06e8b39fa67/torch_einops_utils-0.1.31-py3-none-any.whl \
    --hash=sha256:5880b30b702efa4e9152ce87dbeee2b5f05a0d1ce5141f55d190c4ba73ad4b28
torchaudio @ https://download-r2.pytorch.org/whl/cu124/torchaudio-2.6.0%2Bcu124-cp312-cp312-linux_x86_64.whl \
    --hash=sha256:3e5ffa69606171c74f3e2b969785ead50b782ca657e746aaee1ee7cc88dcfc08
torchcodec @ https://files.pythonhosted.org/packages/ca/5b/2a15225d77fc2ef857bd290a98f1de99f0db03e104f93ce3af7bea704f4a/torchcodec-0.16.0-cp312-cp312-manylinux_2_27_x86_64.manylinux_2_28_x86_64.whl \
    --hash=sha256:5309c29e31b719f81dba75fcfa49a9ce6a38d069d7f570767466fe634783e7ba
torchdiffeq @ https://files.pythonhosted.org/packages/b9/35/537f64f2d0b3cfebaae0f903b4e3a3b239abcc99d0f73cb15b9cee9b8212/torchdiffeq-0.2.5-py3-none-any.whl \
    --hash=sha256:aa1db4bed13bd04952f28a53cdf4336d1ab60417c1d9698d7a239fec1cf2bcf8
tqdm @ https://files.pythonhosted.org/packages/a7/03/921a3d3c75785aca9ebfbfcabfbc3a1be12e2ab5265deb026d55a5a3f83e/tqdm-4.70.1-py3-none-any.whl \
    --hash=sha256:c293e525e6fef9c20e8728fd4612df02a0aa31bb5fe91ecd93e123b1b7bffa73
transformers @ https://files.pythonhosted.org/packages/e8/d0/c502b60d684adbd98a8dc7d5bb866842772b816ac4354e4608be240041ae/transformers-5.17.0-py3-none-any.whl \
    --hash=sha256:78ec1ce21579b38dfb83950a0658cd119f87212a2fcfdff478096ce9d6c03801
transformers-stream-generator @ https://files.pythonhosted.org/packages/42/c2/65f13aec253100e1916e9bd7965fe17bde796ebabeb1265f45191ab4ddc0/transformers-stream-generator-0.0.5.tar.gz \
    --hash=sha256:271deace0abf9c0f83b36db472c8ba61fdc7b04d1bf89d845644acac2795ed57
triton @ https://download-r2.pytorch.org/whl/triton-3.2.0-cp312-cp312-manylinux_2_27_x86_64.manylinux_2_28_x86_64.whl \
    --hash=sha256:0fc1217eed33c7695272f981f5a8874ce3cb0195bbb2bfed16d58edd0aefef04
typer @ https://files.pythonhosted.org/packages/dc/bf/205d0004930ede8f542fb58f601526fccf4ae7626075ca1e6c4de5d3d652/typer-0.27.2-py3-none-any.whl \
    --hash=sha256:b3a5fc4342d5fc8fda8fc3010b1cf117e9249aab7fae800c2eff62fd3842d97d
typing-extensions @ https://files.pythonhosted.org/packages/49/d3/b8441a820a491ddfc024b0b0cf0393375b75ea13866d9c66727e54c2fc80/typing_extensions-4.16.0-py3-none-any.whl \
    --hash=sha256:481caa481374e813c1b176ada14e97f1f67a4539ce9cfeb3f350d78d6370c2e8
typing-inspection @ https://files.pythonhosted.org/packages/67/81/4add07e5172b7ac40d8ed5ff580409a7801a4fe26d529bdd915401dabfbe/typing_inspection-0.4.4-py3-none-any.whl \
    --hash=sha256:65b8397ba37ccbce054456aaccddfc91e6e3083c92824df348d96ca832f3f147
unidecode @ https://files.pythonhosted.org/packages/8f/b7/559f59d57d18b44c6d1250d2eeaa676e028b9c527431f5d0736478a73ba1/Unidecode-1.4.0-py3-none-any.whl \
    --hash=sha256:c3c7606c27503ad8d501270406e345ddb480a7b5f38827eafe4fa82a137f0021
urllib3 @ https://files.pythonhosted.org/packages/92/9d/c4e665119135114480843e7ab388fa94d8480650450e6f8e26b70d323a4c/urllib3-2.8.0-py3-none-any.whl \
    --hash=sha256:0cf3cae568d36aa9576b28dfb35f11328f1cb974ca7647d9475ebb86c75ac6e3
uvicorn @ https://files.pythonhosted.org/packages/38/0c/b54a4fdd7f90a3af8b02ebc9ce6712c2c208b7926a2f7bad95c33ebbe943/uvicorn-0.54.0-py3-none-any.whl \
    --hash=sha256:505bdb0f318731d45f1f712071fc781a8981f6847a31c902c9f5e652d4f67faf
vocos @ https://files.pythonhosted.org/packages/0a/45/82fe9b5696eb5dd4f84632f75b549b48bed0c33a5920b6309fbafd7e3477/vocos-0.1.0-py3-none-any.whl \
    --hash=sha256:0ac13eaef68596074301e912d781399b3defa4b4ca60b6bc52c8a4b9209ca235
wandb @ https://files.pythonhosted.org/packages/26/13/775a4c7d87fb771a2ddb104ce7c5c5d393e48720e448b4e8c43aac7cd4ce/wandb-0.30.0-py3-none-manylinux_2_28_x86_64.whl \
    --hash=sha256:bad9412f137d02303bf178513e0109f4fed37a6c817604085a1a4151047d8790
x-transformers @ https://files.pythonhosted.org/packages/9c/1d/866dc07da666ff9f1a81d04ba7dedd1c24cc57dc596cd90531d7d917b5bf/x_transformers-2.31.2-py3-none-any.whl \
    --hash=sha256:67d42cafb7d141f28b51dff74af6807ede2380e1eac714d6d2dd7bc070bcd331
xxhash @ https://files.pythonhosted.org/packages/83/97/31bd8b8279e6935a0719f6910ced15e9d5a2cd554b253f6027ce1b5a1c2c/xxhash-4.0.1-cp312-cp312-manylinux2014_x86_64.manylinux_2_17_x86_64.manylinux_2_28_x86_64.whl \
    --hash=sha256:237b8f63a2a0fcfb1ffc06e21dad23add44e6d354b2b014364a1d41e419a4dee
yarl @ https://files.pythonhosted.org/packages/bc/7b/ca212cbe170ac8b96e45317ecbcf9c3c3ecf0cdec98d5b088a9c4088929b/yarl-1.25.1-cp312-cp312-manylinux2014_x86_64.manylinux_2_17_x86_64.manylinux_2_28_x86_64.whl \
    --hash=sha256:c6f117789d22dce188e5754e8bc65b7e6ebf8cb73963b9fa761f672a5883769d
