{
  "version": 2,
  "dependencies": {
    "net10.0-windows7.0": {
      "Grpc.Core.Api": {
        "type": "Transitive",
        "resolved": "2.84.0",
        "contentHash": "p2SOMl6q/GZ4/5MLkgboC/z55g4zKUEruRn/g46QgppjQBVnsLZVBU/9VO7n60ll38G3Eo8Zu9b7x+W01GKFVg=="
      },
      "Grpc.Net.Common": {
        "type": "Transitive",
        "resolved": "2.84.0",
        "contentHash": "DPxm/H8G/lDRrz997wM0M2zN/PGqVeZKDakhBbtABEbv6WIW4HI9g3BvntBQT6ZUROuGacMzfyyF9e5kiTVFfQ==",
        "dependencies": {
          "Grpc.Core.Api": "2.84.0"
        }
      },
      "Microsoft.Extensions.DependencyInjection.Abstractions": {
        "type": "Transitive",
        "resolved": "8.0.1",
        "contentHash": "fGLiCRLMYd00JYpClraLjJTNKLmMJPnqxMaiRzEBIIvevlzxz33mXy39Lkd48hu1G+N21S7QpaO5ZzKsI6FRuA=="
      },
      "Microsoft.Extensions.Logging.Abstractions": {
        "type": "Transitive",
        "resolved": "8.0.1",
        "contentHash": "RIFgaqoaINxkM2KTOw72dmilDmTrYA0ns2KW4lDz4gZ2+o6IQ894CzmdL3StM2oh7QQq44nCWiqKqc4qUI9Jmg==",
        "dependencies": {
          "Microsoft.Extensions.DependencyInjection.Abstractions": "8.0.1"
        }
      },
      "NAudio.Core": {
        "type": "Transitive",
        "resolved": "3.1.0",
        "contentHash": "8Hrd3Uqb2wEB64eZYF+0vl9xBadeSn6JnFDsHuGrw87ucJ+pB7u5NzVpHl8OlCNvIvH+sD9b2h4JOqXBuZGYwg==",
        "dependencies": {
          "System.Numerics.Tensors": "9.0.0"
        }
      },
      "System.Numerics.Tensors": {
        "type": "Transitive",
        "resolved": "9.0.0",
        "contentHash": "hyJB4UlpAi19Xr9AXzu2NuagKC4lPfHObNMEAA0HmqFz2rX7wKgzeYzO/jM/eBHDhnUGFFEjk5cOoJaxqg5J4A=="
      },
      "martlet.audio": {
        "type": "Project",
        "dependencies": {
          "Martlet.Core": "[0.22.0, )",
          "NAudio.Wasapi": "[3.1.0, )"
        }
      },
      "martlet.avatar.audio2face": {
        "type": "Project",
        "dependencies": {
          "Google.Protobuf": "[3.36.2, )",
          "Grpc.Net.Client": "[2.84.0, )",
          "Martlet.Avatars": "[0.22.0, )",
          "Martlet.Core": "[0.22.0, )"
        }
      },
      "martlet.avatar.hosting": {
        "type": "Project",
        "dependencies": {
          "Martlet.Avatars": "[0.22.0, )"
        }
      },
      "martlet.avatars": {
        "type": "Project",
        "dependencies": {
          "Martlet.Core": "[0.22.0, )"
        }
      },
      "martlet.conversation": {
        "type": "Project",
        "dependencies": {
          "Martlet.Audio": "[0.22.0, )",
          "Martlet.Core": "[0.22.0, )",
          "Martlet.Providers": "[0.22.0, )"
        }
      },
      "martlet.core": {
        "type": "Project"
      },
      "martlet.diagnostics": {
        "type": "Project",
        "dependencies": {
          "Martlet.Core": "[0.22.0, )"
        }
      },
      "martlet.doctor": {
        "type": "Project",
        "dependencies": {
          "Martlet.Audio": "[0.22.0, )",
          "Martlet.Diagnostics": "[0.22.0, )"
        }
      },
      "martlet.echocancellation": {
        "type": "Project",
        "dependencies": {
          "Martlet.Audio": "[0.22.0, )",
          "SoundFlow.Extensions.WebRtc.Apm": "[1.4.0, )"
        }
      },
      "martlet.f5": {
        "type": "Project",
        "dependencies": {
          "Martlet.Core": "[0.22.0, )"
        }
      },
      "martlet.home": {
        "type": "Project",
        "dependencies": {
          "Martlet.Core": "[0.22.0, )"
        }
      },
      "martlet.mcp.client": {
        "type": "Project"
      },
      "martlet.providers": {
        "type": "Project",
        "dependencies": {
          "Martlet.Core": "[0.22.0, )"
        }
      },
      "martlet.sherpa": {
        "type": "Project"
      },
      "Google.Protobuf": {
        "type": "CentralTransitive",
        "requested": "[3.36.2, )",
        "resolved": "3.36.2",
        "contentHash": "Ci1q1iJg74qAE5riTA2FbMS0wPbpruPQI/JQ9DrAsRo2VsSxgt1e/pmxGxgrci+pXJEgrSYg2vPl8rrStZkclQ=="
      },
      "Grpc.Net.Client": {
        "type": "CentralTransitive",
        "requested": "[2.84.0, )",
        "resolved": "2.84.0",
        "contentHash": "My6Fms2YCyAbihTBZZ3kLS39iTY2pkMAzGDBTC6XhPOujg70eB07AEJ7tPiW3tZ70bhFzHcc3+d4j3DaIPF3aA==",
        "dependencies": {
          "Grpc.Net.Common": "2.84.0",
          "Microsoft.Extensions.Logging.Abstractions": "8.0.1"
        }
      },
      "NAudio.Wasapi": {
        "type": "CentralTransitive",
        "requested": "[3.1.0, )",
        "resolved": "3.1.0",
        "contentHash": "iTG+oBJaiID344yz84PrTiVF98av5SsuOUu7ICskcUd6f5ShHDMskG9sE4XUM05Vdlwy88bMQDDC3e+85Mv8yw==",
        "dependencies": {
          "NAudio.Core": "3.1.0"
        }
      },
      "SoundFlow": {
        "type": "CentralTransitive",
        "requested": "[1.4.0, )",
        "resolved": "1.4.0",
        "contentHash": "PVc8NEpwmx16qJdOGRvc7Kpvs/3hNZBuldErmnMQSh9IClAA2UWrafcUIQUxki2GrWB2g71hPSDIUKEo3nRgeA=="
      },
      "SoundFlow.Extensions.WebRtc.Apm": {
        "type": "CentralTransitive",
        "requested": "[1.4.0, )",
        "resolved": "1.4.0",
        "contentHash": "vsILVFDGVN32a3jmiYO+EhgmeVo+i4i+99/7KlCv2rbivNxPTmeIWVcgubJfXQW/clU5LydMskEu5tkpEVDxvw==",
        "dependencies": {
          "SoundFlow": "1.4.0"
        }
      }
    }
  }
}