{
  "version": 2,
  "dependencies": {
    "net10.0": {
      "Concentus": {
        "type": "Direct",
        "requested": "[2.2.2, )",
        "resolved": "2.2.2",
        "contentHash": "2B9YmHPKO+k7YpAAnqmiXwiMJnfjfj1C868RszOll2iZWLnGTAiC1q21L/d7CvTan7T+hyqU8dR0Dcy3cpjVfQ=="
      },
      "NetCord": {
        "type": "Direct",
        "requested": "[1.0.0-beta.28, )",
        "resolved": "1.0.0-beta.28",
        "contentHash": "yTNehgXwYrSYAt4PbQsnnEVUiupSm27MsHZ9T18QfrUv0SJEma7QzI4239JQ77+kZbla/19x0jcaeJ63YuxSJA=="
      },
      "martlet.core": {
        "type": "Project"
      }
    }
  }
}