# This file was autogenerated by uv via the following command:
#    uv pip compile workers/singing/host/requirements-match.in --no-deps --python-version 3.11 --python-platform x86_64-manylinux_2_28 --generate-hashes -o workers/singing/host/requirements-match.lock
tokenizers==0.20.3 \
    --hash=sha256:04627b7b502fa6a2a005e1bd446fa4247d89abcb1afaa1b81eb90e21aba9a60f \
    --hash=sha256:07d7851a72717321022f3774e84aa9d595a041d643fafa2e87fbc9b18711dac0 \
    --hash=sha256:098b8a632b8656aa5802c46689462c5c48f02510f24029d71c208ec2c822e771 \
    --hash=sha256:0e3d80d89b068bc30034034b5319218c7c0a91b00af19679833f55f3becb6945 \
    --hash=sha256:0e9b81321a1e05b16487d312b4264984513f8b4a7556229cafac6e88c2036b09 \
    --hash=sha256:0fc7a39e5bedc817bda395a798dfe2d9c5f7c71153c90d381b5135a0328d9520 \
    --hash=sha256:124c5882ebb88dadae1fc788a582299fcd3a8bd84fc3e260b9918cf28b8751f5 \
    --hash=sha256:16121eb030a2b13094cfec936b0c12e8b4063c5f839591ea7d0212336d8f9921 \
    --hash=sha256:16384073973f6ccbde9852157a4fdfe632bb65208139c9d0c0bd0176a71fd67f \
    --hash=sha256:174a54910bed1b089226512b4458ea60d6d6fd93060254734d3bc3540953c51c \
    --hash=sha256:18e4c7c64172e7789bd8b07aa3087ea87c4c4de7e90937a2aa036b5d92332536 \
    --hash=sha256:1b80e3c7283a01a356bd2210f53d1a4a5d32b269c2024389ed0173137708d50e \
    --hash=sha256:1f74909ef7675c26d4095a817ec3393d67f3158ca4836c233212e5613ef640c4 \
    --hash=sha256:1fd9fee817f655a8f50049f685e224828abfadd436b8ff67979fc1d054b435f1 \
    --hash=sha256:205a45246ed7f1718cf3785cff88450ba603352412aaf220ace026384aa3f1c0 \
    --hash=sha256:2278b34c5d0dd78e087e1ca7f9b1dcbf129d80211afa645f214bd6e051037539 \
    --hash=sha256:282848cacfb9c06d5e51489f38ec5aa0b3cd1e247a023061945f71f41d949d73 \
    --hash=sha256:2b26b0aadb18cd8701077362ba359a06683662d5cafe3e8e8aba10eb05c037f1 \
    --hash=sha256:2b6e54e71f84c4202111a489879005cb14b92616a87417f6c102c833af961ea2 \
    --hash=sha256:312d522caeb8a1a42ebdec87118d99b22667782b67898a76c963c058a7e41d4f \
    --hash=sha256:31ccab28dbb1a9fe539787210b0026e22debeab1662970f61c2d921f7557f7e4 \
    --hash=sha256:3229ef103c89583d10b9378afa5d601b91e6337530a0988e17ca8d635329a996 \
    --hash=sha256:37c04c032c1442740b2c2d925f1857885c07619224a533123ac7ea71ca5713da \
    --hash=sha256:39270a7050deaf50f7caff4c532c01b3c48f6608d42b3eacdebdc6795478c8df \
    --hash=sha256:3eda46ca402751ec82553a321bf35a617b76bbed7586e768c02ccacbdda94d6d \
    --hash=sha256:401cc21ef642ee235985d747f65e18f639464d377c70836c9003df208d582064 \
    --hash=sha256:444d188186eab3148baf0615b522461b41b1f0cd58cd57b862ec94b6ac9780f1 \
    --hash=sha256:44def74cee574d609a36e17c8914311d1b5dbcfe37c55fd29369d42591b91cf2 \
    --hash=sha256:453c7769d22231960ee0e883d1005c93c68015025a5e4ae56275406d94a3c907 \
    --hash=sha256:49d12a32e190fad0e79e5bdb788d05da2f20d8e006b13a70859ac47fecf6ab2f \
    --hash=sha256:4bb31f7b2847e439766aaa9cc7bccf7ac7088052deccdb2275c952d96f691c6a \
    --hash=sha256:4d53029fe44bc70c3ff14ef512460a0cf583495a0f8e2f4b70e26eb9438e38a9 \
    --hash=sha256:4e615de179bbe060ab33773f0d98a8a8572b5883dd7dac66c1de8c056c7e748c \
    --hash=sha256:55046ad3dd5f2b3c67501fcc8c9cbe3e901d8355f08a3b745e9b57894855f85b \
    --hash=sha256:57a2a56397b2bec5a629b516b23f0f8a3e4f978c7488d4a299980f8375954b85 \
    --hash=sha256:585b51e06ca1f4839ce7759941e66766d7b060dccfdc57c4ca1e5b9a33013a90 \
    --hash=sha256:5a8d8261ca2133d4f98aa9627c748189502b3787537ba3d7e2beb4f7cfc5d627 \
    --hash=sha256:60ac483cebee1c12c71878523e768df02fa17e4c54412966cb3ac862c91b36c1 \
    --hash=sha256:61cbf11954f3b481d08723ebd048ba4b11e582986f9be74d2c3bdd9293a4538d \
    --hash=sha256:62d00ba208358c037eeab7bfc00a905adc67b2d31b68ab40ed09d75881e114ea \
    --hash=sha256:65ab780194da4e1fcf5670523a2f377c4838ebf5249efe41fa1eddd2a84fb49d \
    --hash=sha256:67ef4dcb8841a4988cd00dd288fb95dfc8e22ed021f01f37348fd51c2b055ba9 \
    --hash=sha256:6ac52cc24bad3de865c7e65b1c4e7b70d00938a8ae09a92a453b8f676e714ad5 \
    --hash=sha256:6dde2cae6004ba7a3badff4a11911cae03ebf23e97eebfc0e71fef2530e5074f \
    --hash=sha256:6e19e0f1d854d6ab7ea0c743d06e764d1d9a546932be0a67f33087645f00fe13 \
    --hash=sha256:6ee4954c1dd23aadc27958dad759006e71659d497dcb0ef0c7c87ea992c16ebd \
    --hash=sha256:6f90549622de3bf476ad9f1dd6f3f952ec3ed6ab8615ae88ef060d0c5bfad55d \
    --hash=sha256:7310ab23d7b0caebecc0e8be11a1146f320f5f07284000f6ea54793e83de1b75 \
    --hash=sha256:7498f3ea7746133335a6adb67a77cf77227a8b82c8483f644a2e5f86fea42b8d \
    --hash=sha256:78c8c143e3ae41e718588281eb3e212c2b31623c9d6d40410ec464d7d6221fb5 \
    --hash=sha256:79c4121a2e9433ad7ef0769b9ca1f7dd7fa4c0cd501763d0a030afcbc6384481 \
    --hash=sha256:7b6583a65c01db1197c1eb36857ceba8ec329d53afadd268b42a6b04f4965724 \
    --hash=sha256:7eb2fb1c432f5746b22f8a7f09fc18c4156cb0031c77f53cb19379d82d43297a \
    --hash=sha256:83d9bfbe9af86f2d9df4833c22e94d94750f1d0cd9bfb22a7bb90a86f61cdb1c \
    --hash=sha256:843729bf0f991b29655a069a2ff58a4c24375a553c70955e15e37a90dd4e045c \
    --hash=sha256:84d40ee0f8550d64d3ea92dd7d24a8557a9172165bdb986c9fb2503b4fe4e3b6 \
    --hash=sha256:88301aa0801f225725b6df5dea3d77c80365ff2362ca7e252583f2b4809c4cc0 \
    --hash=sha256:8dcd91f4e60f62b20d83a87a84fe062035a1e3ff49a8c2bbdeb2d441c8e311f4 \
    --hash=sha256:900991a2b8ee35961b1095db7e265342e0e42a84c1a594823d5ee9f8fb791958 \
    --hash=sha256:938441babf3e5720e4459e306ef2809fb267680df9d1ff2873458b22aef60248 \
    --hash=sha256:93e37f0269a11dc3b1a953f1fca9707f0929ebf8b4063c591c71a0664219988e \
    --hash=sha256:98d343134f47159e81f7f242264b0eb222e6b802f37173c8d7d7b64d5c9d1388 \
    --hash=sha256:9adda1ff5fb9dcdf899ceca672a4e2ce9e797adb512a6467305ca3d8bfcfbdd0 \
    --hash=sha256:9e7816808b402129393a435ea2a509679b41246175d6e5e9f25b8692bfaa272b \
    --hash=sha256:a02d160d2b19bcbfdf28bd9a4bf11be4cb97d0499c000d95d4c4b1a4312740b6 \
    --hash=sha256:a07962340b36189b6c8feda552ea1bfeee6cf067ff922a1d7760662c2ee229e5 \
    --hash=sha256:a1d469c74eebf5c43fd61cd9b030e271d17198edd7bd45392e03a3c091d7d6d4 \
    --hash=sha256:a292392f24ab9abac5cfa8197e5a6208f2e43723420217e1ceba0b4ec77816ac \
    --hash=sha256:a333d878c4970b72d6c07848b90c05f6b045cf9273fc2bc04a27211721ad6118 \
    --hash=sha256:a4c186bb006ccbe1f5cc4e0380d1ce7806f5955c244074fd96abc55e27b77f01 \
    --hash=sha256:a845c08fdad554fe0871d1255df85772f91236e5fd6b9287ef8b64f5807dbd0c \
    --hash=sha256:a8cc0e8176b762973758a77f0d9c4467d310e33165fb74173418ca3734944da4 \
    --hash=sha256:ab48184cd58b4a03022a2ec75b54c9f600ffea9a733612c02325ed636f353729 \
    --hash=sha256:abe4e08c7d0cd6154c795deb5bf81d2122f36daf075e0c12a8b050d824ef0a64 \
    --hash=sha256:b1e5bfaae740ef9ece000f8a07e78ac0e2b085c5ce9648f8593ddf0243c9f76d \
    --hash=sha256:b357970c095dc134978a68c67d845a1e3803ab7c4fbb39195bde914e7e13cf8b \
    --hash=sha256:b48971b88ef9130bf35b41b35fd857c3c4dae4a9cd7990ebc7fc03e59cc92438 \
    --hash=sha256:b4ba635165bc1ea46f2da8e5d80b5f70f6ec42161e38d96dbef33bb39df73964 \
    --hash=sha256:b7850fde24197fe5cd6556e2fdba53a6d3bae67c531ea33a3d7c420b90904141 \
    --hash=sha256:b8e9608f2773996cc272156e305bd79066163a66b0390fe21750aff62df1ac07 \
    --hash=sha256:ba96367db9d8a730d3a1d5996b4b7babb846c3994b8ef14008cd8660f55db59d \
    --hash=sha256:bd44e48a430ada902c6266a8245f5036c4fe744fcb51f699999fbe82aa438797 \
    --hash=sha256:bee8f53b2594749f4460d53253bae55d718f04e9b633efa0f5df8938bd98e4f0 \
    --hash=sha256:bfa8d029bb156181b006643309d6b673615a24e4ed24cf03aa191d599b996f51 \
    --hash=sha256:c27ceb887f0e81a3c377eb4605dca7a95a81262761c0fba308d627b2abb98f2b \
    --hash=sha256:c31751f0721f58f5e19bb27c1acc259aeff860d8629c4e1a900b26a1979ada8e \
    --hash=sha256:c3db46cc0647bfd88263afdb739b92017a02a87ee30945cb3e86c7e25c7c9917 \
    --hash=sha256:c47c037116310dc976eb96b008e41b9cfaba002ed8005848d4d632ee0b7ba9ae \
    --hash=sha256:c4a7fd678b35614fca708579eb95b7587a5e8a6d328171bd2488fd9f27d82be4 \
    --hash=sha256:c4fd4d71e6deb6ddf99d8d0eab87d1d16f635898906e631914a9bae8ae9f2cfb \
    --hash=sha256:c6361191f762bda98c773da418cf511cbaa0cb8d0a1196f16f8c0119bde68ff8 \
    --hash=sha256:c697cbd3be7a79ea250ea5f380d6f12e534c543cfb137d5c734966b3ee4f34cc \
    --hash=sha256:ca94fc1b73b3883c98f0c88c77700b13d55b49f1071dfd57df2b06f3ff7afd64 \
    --hash=sha256:d50ede425c7e60966a9680d41b58b3a0950afa1bb570488e2972fa61662c4273 \
    --hash=sha256:d5634b2e2f5f3d2b4439d2d74066e22eb4b1f04f3fea05cb2a3c12d89b5a3bcd \
    --hash=sha256:da1ec842035ed9999c62e45fbe0ff14b7e8a7e02bb97688cc6313cf65e5cd755 \
    --hash=sha256:de082392a85eb0055cc055c535bff2f0cc15d7a000bdc36fbf601a0f3cf8507a \
    --hash=sha256:e005466632b1c5d2d2120f6de8aa768cc9d36cd1ab7d51d0c27a114c91a1e6ee \
    --hash=sha256:e0b630e0b536ef0e3c8b42c685c1bc93bd19e98c0f1543db52911f8ede42cf84 \
    --hash=sha256:e919f2e3e68bb51dc31de4fcbbeff3bdf9c1cad489044c75e2b982a91059bd3c \
    --hash=sha256:ee31ba9d7df6a98619426283e80c6359f167e2e9882d9ce1b0254937dbd32f3f \
    --hash=sha256:ef279c7e239f95c8bdd6ff319d9870f30f0d24915b04895f55b1adcf96d6c60d \
    --hash=sha256:ef820880d5e4e8484e2fa54ff8d297bb32519eaa7815694dc835ace9130a3eea \
    --hash=sha256:efcce3a927b1e20ca694ba13f7a68c59b0bd859ef71e441db68ee42cf20c2442 \
    --hash=sha256:efcf0eb939988b627558aaf2b9dc3e56d759cad2e0cfa04fcab378e4b48fc4fd \
    --hash=sha256:f128d5da1202b78fa0a10d8d938610472487da01b57098d48f7e944384362514 \
    --hash=sha256:f2475bb004ab2009d29aff13b5047bfdb3d4b474f0aa9d4faa13a7f34dbbbb43 \
    --hash=sha256:f2b7cb962564785a83dafbba0144ecb7f579f1d57d8c406cdaa7f32fe32f18ad \
    --hash=sha256:f3558a7ae6a6d38a77dfce12172a1e2e1bf3e8871e744a1861cd7591ea9ebe24 \
    --hash=sha256:f4cb0c614b0135e781de96c2af87e73da0389ac1458e2a97562ed26e29490d8d \
    --hash=sha256:fbaf3ea28fedfb2283da60e710aff25492e795a7397cad8a50f1e079b65a5a70 \
    --hash=sha256:ff1ef8bd47a02b0dc191688ccb4da53600df5d4c9a05a4b68e1e3de4823e78eb
    # via -r workers/singing/host/requirements-match.in
transformers==4.46.3 \
    --hash=sha256:8ee4b3ae943fe33e82afff8e837f4b052058b07ca9be3cb5b729ed31295f72cc \
    --hash=sha256:a12ef6f52841fd190a3e5602145b542d03507222f2c64ebb7ee92e8788093aef
    # via -r workers/singing/host/requirements-match.in
