{
  "version": 2,
  "dependencies": {
    "net10.0": {
      "martlet.core": {
        "type": "Project"
      },
      "martlet.f5": {
        "type": "Project",
        "dependencies": {
          "Martlet.Core": "[0.24.0, )"
        }
      },
      "martlet.perception": {
        "type": "Project"
      },
      "martlet.providers": {
        "type": "Project",
        "dependencies": {
          "Martlet.Core": "[0.24.0, )"
        }
      }
    }
  }
}