{
  "version": 2,
  "dependencies": {
    "net10.0-windows10.0.19041": {
      "Grpc.AspNetCore.Server": {
        "type": "Direct",
        "requested": "[2.84.0, )",
        "resolved": "2.84.0",
        "contentHash": "RXUkMjU+Hu5tvf5EXNoJlKX+ADvR2HERkNRznMFpsQQiHFsaQ+OYyhgomuLxAaiNuPUmCUGPxyiCdqq//lrQdg==",
        "dependencies": {
          "Grpc.Net.Common": "2.84.0"
        }
      },
      "Microsoft.NET.Test.Sdk": {
        "type": "Direct",
        "requested": "[18.10.0, )",
        "resolved": "18.10.0",
        "contentHash": "0CZZ688UBvpQFB9HKo7wrNJNVe+AOM4UtipgwpER3TTM+d2DDM6QyKkIJZTR3mpbn9/zFbZEtAgVIz4SPTjQZQ==",
        "dependencies": {
          "Microsoft.CodeCoverage": "18.10.0",
          "Microsoft.TestPlatform.TestHost": "18.10.0"
        }
      },
      "xunit": {
        "type": "Direct",
        "requested": "[2.9.3, )",
        "resolved": "2.9.3",
        "contentHash": "TlXQBinK35LpOPKHAqbLY4xlEen9TBafjs0V5KnA4wZsoQLQJiirCR4CbIXvOH8NzkW4YeJKP5P/Bnrodm0h9Q==",
        "dependencies": {
          "xunit.analyzers": "1.18.0",
          "xunit.assert": "2.9.3",
          "xunit.core": "[2.9.3]"
        }
      },
      "xunit.runner.visualstudio": {
        "type": "Direct",
        "requested": "[3.1.5, )",
        "resolved": "3.1.5",
        "contentHash": "tKi7dSTwP4m5m9eXPM2Ime4Kn7xNf4x4zT9sdLO/G4hZVnQCRiMTWoSZqI/pYTVeI27oPPqHBKYI/DjJ9GsYgA=="
      },
      "Grpc.Core.Api": {
        "type": "Transitive",
        "resolved": "2.84.0",
        "contentHash": "p2SOMl6q/GZ4/5MLkgboC/z55g4zKUEruRn/g46QgppjQBVnsLZVBU/9VO7n60ll38G3Eo8Zu9b7x+W01GKFVg=="
      },
      "Grpc.Net.Common": {
        "type": "Transitive",
        "resolved": "2.84.0",
        "contentHash": "DPxm/H8G/lDRrz997wM0M2zN/PGqVeZKDakhBbtABEbv6WIW4HI9g3BvntBQT6ZUROuGacMzfyyF9e5kiTVFfQ==",
        "dependencies": {
          "Grpc.Core.Api": "2.84.0"
        }
      },
      "Microsoft.CodeCoverage": {
        "type": "Transitive",
        "resolved": "18.10.0",
        "contentHash": "zo1hqV+Nz6FlIwdc+aPfrvGzqfKAPPaZ6OPj1W8C0QQE2xH951AZwTUytL3K7XX8brVBUFd7MhrLDl3CtK3U/A=="
      },
      "Microsoft.TestPlatform.ObjectModel": {
        "type": "Transitive",
        "resolved": "18.10.0",
        "contentHash": "aXA7DDbnt6MYu3eLBEDksNdl09QxJ/PpMzrFcSxqEOk3RvRGJzhKI5mezVCEOcvveRhjfw/mvn6xVXC/rTaOog=="
      },
      "Microsoft.TestPlatform.TestHost": {
        "type": "Transitive",
        "resolved": "18.10.0",
        "contentHash": "Spu6C7bgz1PmWN+Y7wS0PfGCw9Kwv5RvJbCwyQaEWjcwpMire+qYMrcZ7qk8agjy6nd0sdHLc3ugCSrGuSbZdw==",
        "dependencies": {
          "Microsoft.TestPlatform.ObjectModel": "18.10.0"
        }
      },
      "NAudio.Core": {
        "type": "Transitive",
        "resolved": "3.1.0",
        "contentHash": "8Hrd3Uqb2wEB64eZYF+0vl9xBadeSn6JnFDsHuGrw87ucJ+pB7u5NzVpHl8OlCNvIvH+sD9b2h4JOqXBuZGYwg==",
        "dependencies": {
          "System.Numerics.Tensors": "9.0.0"
        }
      },
      "System.Numerics.Tensors": {
        "type": "Transitive",
        "resolved": "9.0.0",
        "contentHash": "hyJB4UlpAi19Xr9AXzu2NuagKC4lPfHObNMEAA0HmqFz2rX7wKgzeYzO/jM/eBHDhnUGFFEjk5cOoJaxqg5J4A=="
      },
      "xunit.abstractions": {
        "type": "Transitive",
        "resolved": "2.0.3",
        "contentHash": "pot1I4YOxlWjIb5jmwvvQNbTrZ3lJQ+jUGkGjWE3hEFM0l5gOnBWS+H3qsex68s5cO52g+44vpGzhAt+42vwKg=="
      },
      "xunit.analyzers": {
        "type": "Transitive",
        "resolved": "1.18.0",
        "contentHash": "OtFMHN8yqIcYP9wcVIgJrq01AfTxijjAqVDy/WeQVSyrDC1RzBWeQPztL49DN2syXRah8TYnfvk035s7L95EZQ=="
      },
      "xunit.assert": {
        "type": "Transitive",
        "resolved": "2.9.3",
        "contentHash": "/Kq28fCE7MjOV42YLVRAJzRF0WmEqsmflm0cfpMjGtzQ2lR5mYVj1/i0Y8uDAOLczkL3/jArrwehfMD0YogMAA=="
      },
      "xunit.core": {
        "type": "Transitive",
        "resolved": "2.9.3",
        "contentHash": "BiAEvqGvyme19wE0wTKdADH+NloYqikiU0mcnmiNyXaF9HyHmE6sr/3DC5vnBkgsWaE6yPyWszKSPSApWdRVeQ==",
        "dependencies": {
          "xunit.extensibility.core": "[2.9.3]",
          "xunit.extensibility.execution": "[2.9.3]"
        }
      },
      "xunit.extensibility.core": {
        "type": "Transitive",
        "resolved": "2.9.3",
        "contentHash": "kf3si0YTn2a8J8eZNb+zFpwfoyvIrQ7ivNk5ZYA5yuYk1bEtMe4DxJ2CF/qsRgmEnDr7MnW1mxylBaHTZ4qErA==",
        "dependencies": {
          "xunit.abstractions": "2.0.3"
        }
      },
      "xunit.extensibility.execution": {
        "type": "Transitive",
        "resolved": "2.9.3",
        "contentHash": "yMb6vMESlSrE3Wfj7V6cjQ3S4TXdXpRqYeNEI3zsX31uTsGMJjEw6oD5F5u1cHnMptjhEECnmZSsPxB6ChZHDQ==",
        "dependencies": {
          "xunit.extensibility.core": "[2.9.3]"
        }
      },
      "martlet.audio": {
        "type": "Project",
        "dependencies": {
          "Concentus": "[2.2.2, )",
          "Martlet.Core": "[0.45.0, )",
          "NAudio.Wasapi": "[3.1.0, )",
          "NVorbis": "[0.10.5, )"
        }
      },
      "martlet.avatar.audio2face": {
        "type": "Project",
        "dependencies": {
          "Google.Protobuf": "[3.36.2, )",
          "Grpc.Net.Client": "[2.84.0, )",
          "Martlet.Avatars": "[0.45.0, )",
          "Martlet.Core": "[0.45.0, )"
        }
      },
      "martlet.avatar.hosting": {
        "type": "Project",
        "dependencies": {
          "Martlet.Avatars": "[0.45.0, )"
        }
      },
      "martlet.avatar.rendererhost": {
        "type": "Project",
        "dependencies": {
          "Martlet.Avatar.Hosting": "[0.45.0, )",
          "Microsoft.Web.WebView2": "[1.0.4191.47, )"
        }
      },
      "martlet.avatars": {
        "type": "Project",
        "dependencies": {
          "Martlet.Core": "[0.45.0, )"
        }
      },
      "martlet.conversation": {
        "type": "Project",
        "dependencies": {
          "Martlet.Audio": "[0.45.0, )",
          "Martlet.Core": "[0.45.0, )",
          "Martlet.Providers": "[0.45.0, )"
        }
      },
      "martlet.core": {
        "type": "Project"
      },
      "martlet.credentials.windows": {
        "type": "Project",
        "dependencies": {
          "Martlet.Core": "[0.45.0, )"
        }
      },
      "martlet.desktop": {
        "type": "Project",
        "dependencies": {
          "Martlet.Audio": "[0.45.0, )",
          "Martlet.Avatar.Audio2Face": "[0.45.0, )",
          "Martlet.Avatar.Hosting": "[0.45.0, )",
          "Martlet.Conversation": "[0.45.0, )",
          "Martlet.Credentials.Windows": "[0.45.0, )",
          "Martlet.Diagnostics": "[0.45.0, )",
          "Martlet.Discord": "[0.45.0, )",
          "Martlet.EchoCancellation": "[0.45.0, )",
          "Martlet.F5": "[0.45.0, )",
          "Martlet.Home": "[0.45.0, )",
          "Martlet.Mcp.Client": "[0.45.0, )",
          "Martlet.Memory": "[0.45.0, )",
          "Martlet.Messaging": "[0.45.0, )",
          "Martlet.Participation": "[0.45.0, )",
          "Martlet.Sherpa": "[0.45.0, )",
          "Martlet.Support": "[0.45.0, )",
          "SSH.NET": "[2024.1.0, )",
          "SoundFlow": "[1.4.0, )",
          "org.k2fsa.sherpa.onnx.runtime.win-x64": "[1.13.8, )"
        }
      },
      "martlet.diagnostics": {
        "type": "Project",
        "dependencies": {
          "Martlet.Core": "[0.45.0, )"
        }
      },
      "martlet.discord": {
        "type": "Project",
        "dependencies": {
          "Martlet.Core": "[0.45.0, )",
          "NetCord": "[1.0.0-beta.28, )"
        }
      },
      "martlet.doctor": {
        "type": "Project",
        "dependencies": {
          "Martlet.Audio": "[0.45.0, )",
          "Martlet.Diagnostics": "[0.45.0, )"
        }
      },
      "martlet.echocancellation": {
        "type": "Project",
        "dependencies": {
          "Martlet.Audio": "[0.45.0, )",
          "SoundFlow.Extensions.WebRtc.Apm": "[1.4.0, )"
        }
      },
      "martlet.f5": {
        "type": "Project",
        "dependencies": {
          "Martlet.Core": "[0.45.0, )"
        }
      },
      "martlet.home": {
        "type": "Project",
        "dependencies": {
          "Martlet.Core": "[0.45.0, )"
        }
      },
      "martlet.mcp.client": {
        "type": "Project"
      },
      "martlet.mcp.protocol": {
        "type": "Project",
        "dependencies": {
          "Martlet.Avatar.Audio2Face": "[0.45.0, )",
          "Martlet.Avatar.Hosting": "[0.45.0, )",
          "Martlet.Conversation": "[0.45.0, )",
          "Martlet.Discord": "[0.45.0, )",
          "Martlet.Doctor": "[0.45.0, )",
          "Martlet.EchoCancellation": "[0.45.0, )",
          "Martlet.F5": "[0.45.0, )",
          "Martlet.Home": "[0.45.0, )",
          "Martlet.Mcp.Client": "[0.45.0, )",
          "Martlet.Providers": "[0.45.0, )",
          "Martlet.Sherpa": "[0.45.0, )",
          "System.Speech": "[10.0.12, )"
        }
      },
      "martlet.memory": {
        "type": "Project"
      },
      "martlet.messaging": {
        "type": "Project"
      },
      "martlet.participation": {
        "type": "Project"
      },
      "martlet.providers": {
        "type": "Project",
        "dependencies": {
          "Martlet.Core": "[0.45.0, )"
        }
      },
      "martlet.sherpa": {
        "type": "Project"
      },
      "martlet.support": {
        "type": "Project",
        "dependencies": {
          "Martlet.Diagnostics": "[0.45.0, )"
        }
      },
      "Concentus": {
        "type": "CentralTransitive",
        "requested": "[2.2.2, )",
        "resolved": "2.2.2",
        "contentHash": "2B9YmHPKO+k7YpAAnqmiXwiMJnfjfj1C868RszOll2iZWLnGTAiC1q21L/d7CvTan7T+hyqU8dR0Dcy3cpjVfQ=="
      },
      "Google.Protobuf": {
        "type": "CentralTransitive",
        "requested": "[3.36.2, )",
        "resolved": "3.36.2",
        "contentHash": "Ci1q1iJg74qAE5riTA2FbMS0wPbpruPQI/JQ9DrAsRo2VsSxgt1e/pmxGxgrci+pXJEgrSYg2vPl8rrStZkclQ=="
      },
      "Grpc.Net.Client": {
        "type": "CentralTransitive",
        "requested": "[2.84.0, )",
        "resolved": "2.84.0",
        "contentHash": "My6Fms2YCyAbihTBZZ3kLS39iTY2pkMAzGDBTC6XhPOujg70eB07AEJ7tPiW3tZ70bhFzHcc3+d4j3DaIPF3aA==",
        "dependencies": {
          "Grpc.Net.Common": "2.84.0"
        }
      },
      "Microsoft.Web.WebView2": {
        "type": "CentralTransitive",
        "requested": "[1.0.4191.47, )",
        "resolved": "1.0.4191.47",
        "contentHash": "Snb6mlTpuz6ZFjWMwIdg28Xp6kAUMy3zaLUyGbFSaw+/AJKlwoX8EiaWJ1eUMfKyJHksPkFjJHl1LIB7kX+0AQ=="
      },
      "NAudio.Wasapi": {
        "type": "CentralTransitive",
        "requested": "[3.1.0, )",
        "resolved": "3.1.0",
        "contentHash": "iTG+oBJaiID344yz84PrTiVF98av5SsuOUu7ICskcUd6f5ShHDMskG9sE4XUM05Vdlwy88bMQDDC3e+85Mv8yw==",
        "dependencies": {
          "NAudio.Core": "3.1.0"
        }
      },
      "NetCord": {
        "type": "CentralTransitive",
        "requested": "[1.0.0-beta.28, )",
        "resolved": "1.0.0-beta.28",
        "contentHash": "yTNehgXwYrSYAt4PbQsnnEVUiupSm27MsHZ9T18QfrUv0SJEma7QzI4239JQ77+kZbla/19x0jcaeJ63YuxSJA=="
      },
      "NVorbis": {
        "type": "CentralTransitive",
        "requested": "[0.10.5, )",
        "resolved": "0.10.5",
        "contentHash": "o+IptCG4Avze39HrGeztC+xIp6fOOwGVAwkoa1J++4Ji1WmZ+KIKlFl5wsgxsXqBkmdpfs/vFSUproiLKYa2bw=="
      },
      "org.k2fsa.sherpa.onnx.runtime.win-x64": {
        "type": "CentralTransitive",
        "requested": "[1.13.8, )",
        "resolved": "1.13.8",
        "contentHash": "qQS9IQTRet05fl82IlM93XLNnuhW50lhepOBR2qzbjxWKjSXFTvx8SlALAoCLDGyURrQ5iOgl97JZFEeIG9A9g=="
      },
      "SoundFlow": {
        "type": "CentralTransitive",
        "requested": "[1.4.0, )",
        "resolved": "1.4.0",
        "contentHash": "PVc8NEpwmx16qJdOGRvc7Kpvs/3hNZBuldErmnMQSh9IClAA2UWrafcUIQUxki2GrWB2g71hPSDIUKEo3nRgeA=="
      },
      "SoundFlow.Extensions.WebRtc.Apm": {
        "type": "CentralTransitive",
        "requested": "[1.4.0, )",
        "resolved": "1.4.0",
        "contentHash": "vsILVFDGVN32a3jmiYO+EhgmeVo+i4i+99/7KlCv2rbivNxPTmeIWVcgubJfXQW/clU5LydMskEu5tkpEVDxvw==",
        "dependencies": {
          "SoundFlow": "1.4.0"
        }
      },
      "SSH.NET": {
        "type": "CentralTransitive",
        "requested": "[2024.1.0, )",
        "resolved": "2024.1.0",
        "contentHash": "pyOea9czgC+OwMoetuWtMuwRebOyskKkqTZtODgyEZ5K6JwV+Hh/GFiyYubl93YnEvmvNZeuyWyUDsb3LvBDYA=="
      },
      "System.Speech": {
        "type": "CentralTransitive",
        "requested": "[10.0.12, )",
        "resolved": "10.0.12",
        "contentHash": "IrIKdPfbeCtgDeKQvJE2EtS8sSLxxpBRzCCpkg/4jORLwmhSUrVZtIrnbbaWQxo3tjnXK6aHH6MNsvi3S3PuTg=="
      }
    }
  }
}