# Hash-locked install set for the Martlet Parakeet host image (workers/parakeet/host/Dockerfile), installed with
# pip install --no-deps --require-hashes. sherpa-onnx 1.13.8 is the runtime Martlet's desktop runs Parakeet with
# (src/Martlet.Sherpa); sherpa-onnx-core carries its native libraries (ONNX Runtime included) and numpy is the only other
# module its Python binding needs. Wheels for CPython 3.12 on Linux x86_64 and aarch64 (the base image has both).
numpy @ https://files.pythonhosted.org/packages/65/af/aa78d1a88805456e212b65461354cd943197fb9acecc4c90fd12295123a3/numpy-2.5.3-cp312-cp312-manylinux_2_27_x86_64.manylinux_2_28_x86_64.whl ; platform_machine == "x86_64" \
    --hash=sha256:b7e18c623bb5c95acb3b3328861272816ba199fb531921c5d6d0b675f1fde9e3
numpy @ https://files.pythonhosted.org/packages/f1/32/84146fc020ad3c25f805f70ab60da46fe3c540a21369754a7e4369754b6f/numpy-2.5.3-cp312-cp312-manylinux_2_27_aarch64.manylinux_2_28_aarch64.whl ; platform_machine == "aarch64" \
    --hash=sha256:76c2c1e6bfa5c84adc6434dfbf013aa92096a7985221762c8f11fedfd20fff58
sherpa-onnx @ https://files.pythonhosted.org/packages/13/78/2f712b7408ddbb64614c20388912414705b728516224e737b63f2adec94a/sherpa_onnx-1.13.8-cp312-cp312-manylinux2014_x86_64.manylinux_2_17_x86_64.whl ; platform_machine == "x86_64" \
    --hash=sha256:6949773017647febc0c3696dffb2c67dd3febd4737b87e3dd135a42773704a06
sherpa-onnx @ https://files.pythonhosted.org/packages/1f/5f/22e1571146b2c0b581657562d5919b69da13ed93dc70049f42d45fe9e84c/sherpa_onnx-1.13.8-cp312-cp312-manylinux2014_aarch64.manylinux_2_17_aarch64.whl ; platform_machine == "aarch64" \
    --hash=sha256:2520b1e7b779a29a493a8cec893612218dfad7304786bf3f64df2ff7ac6c3302
sherpa-onnx-core @ https://files.pythonhosted.org/packages/b6/ca/e27c1fb5c54b181d4a5450f3d5c789d9da02eb42dc9b20cfdab5dda4c864/sherpa_onnx_core-1.13.8-py3-none-manylinux2014_x86_64.whl ; platform_machine == "x86_64" \
    --hash=sha256:4da90acf435373d7b2ba9cc0be806e7e274d28f63f5780880b5dea6721626e36
sherpa-onnx-core @ https://files.pythonhosted.org/packages/9c/72/02227b14cd3fb3d504a8814ad144ed321a53331948c893821e02f4abb1d7/sherpa_onnx_core-1.13.8-py3-none-manylinux2014_aarch64.whl ; platform_machine == "aarch64" \
    --hash=sha256:a51a03d55c376c32e15dd63ea852236042ba91a5cd73e253bbf7cf21f6582ba9
